// !$*UTF8*$!
{
	archiveVersion = 1;
	classes = {
	};
	objectVersion = 56;
	objects = {

/* Begin PBXBuildFile section */
		F14097682AB7A3C100E92005 /* TitleTableViewCell.swift in Sources */ = {isa = PBXBuildFile; fileRef = F14097662AB7A3C100E92005 /* TitleTableViewCell.swift */; };
		F14097692AB7A3C100E92005 /* TitleTableViewCell.xib in Resources */ = {isa = PBXBuildFile; fileRef = F14097672AB7A3C100E92005 /* TitleTableViewCell.xib */; };
		F140976B2AB7B17700E92005 /* DashboardInteractor.swift in Sources */ = {isa = PBXBuildFile; fileRef = F140976A2AB7B17700E92005 /* DashboardInteractor.swift */; };
		F140976D2AB7B20500E92005 /* DashboardModels.swift in Sources */ = {isa = PBXBuildFile; fileRef = F140976C2AB7B20500E92005 /* DashboardModels.swift */; };
		F140976F2AB7B26500E92005 /* DashboardPresenter.swift in Sources */ = {isa = PBXBuildFile; fileRef = F140976E2AB7B26500E92005 /* DashboardPresenter.swift */; };
		F14097712AB7B26E00E92005 /* DashboardRouter.swift in Sources */ = {isa = PBXBuildFile; fileRef = F14097702AB7B26E00E92005 /* DashboardRouter.swift */; };
		F14097732AB7D43B00E92005 /* NewCGAInteractor.swift in Sources */ = {isa = PBXBuildFile; fileRef = F14097722AB7D43B00E92005 /* NewCGAInteractor.swift */; };
		F14097752AB7D44800E92005 /* NewCGAPresenter.swift in Sources */ = {isa = PBXBuildFile; fileRef = F14097742AB7D44800E92005 /* NewCGAPresenter.swift */; };
		F14097772AB7D45400E92005 /* NewCGARouter.swift in Sources */ = {isa = PBXBuildFile; fileRef = F14097762AB7D45400E92005 /* NewCGARouter.swift */; };
		F14097792AB7F3BE00E92005 /* String+Extension.swift in Sources */ = {isa = PBXBuildFile; fileRef = F14097782AB7F3BE00E92005 /* String+Extension.swift */; };
		F140977D2ABB616C00E92005 /* TooltipTableViewCell.swift in Sources */ = {isa = PBXBuildFile; fileRef = F140977B2ABB616C00E92005 /* TooltipTableViewCell.swift */; };
		F140977E2ABB616C00E92005 /* TooltipTableViewCell.xib in Resources */ = {isa = PBXBuildFile; fileRef = F140977C2ABB616C00E92005 /* TooltipTableViewCell.xib */; };
		F14097832ABB965B00E92005 /* CGADomainTableViewCell.swift in Sources */ = {isa = PBXBuildFile; fileRef = F14097812ABB965B00E92005 /* CGADomainTableViewCell.swift */; };
		F14097842ABB965B00E92005 /* CGADomainTableViewCell.xib in Resources */ = {isa = PBXBuildFile; fileRef = F14097822ABB965B00E92005 /* CGADomainTableViewCell.xib */; };
		F14097862ABB9C9C00E92005 /* TestNameView.xib in Resources */ = {isa = PBXBuildFile; fileRef = F14097852ABB9C9C00E92005 /* TestNameView.xib */; };
		F14097882ABBA24600E92005 /* TestNameView.swift in Sources */ = {isa = PBXBuildFile; fileRef = F14097872ABBA24600E92005 /* TestNameView.swift */; };
		F140978B2ABBAF8700E92005 /* CGADomainsModels.swift in Sources */ = {isa = PBXBuildFile; fileRef = F140978A2ABBAF8700E92005 /* CGADomainsModels.swift */; };
		F140978D2ABBC51500E92005 /* CGADomains.storyboard in Resources */ = {isa = PBXBuildFile; fileRef = F140978C2ABBC51500E92005 /* CGADomains.storyboard */; };
		F140978F2ABBC52300E92005 /* CGADomainsViewController.swift in Sources */ = {isa = PBXBuildFile; fileRef = F140978E2ABBC52300E92005 /* CGADomainsViewController.swift */; };
		F14097912ABBC53000E92005 /* CGADomainsInteractor.swift in Sources */ = {isa = PBXBuildFile; fileRef = F14097902ABBC53000E92005 /* CGADomainsInteractor.swift */; };
		F14097932ABBC53C00E92005 /* CGADomainsPresenter.swift in Sources */ = {isa = PBXBuildFile; fileRef = F14097922ABBC53C00E92005 /* CGADomainsPresenter.swift */; };
		F14097952ABBC55700E92005 /* CGADomainsRouter.swift in Sources */ = {isa = PBXBuildFile; fileRef = F14097942ABBC55700E92005 /* CGADomainsRouter.swift */; };
		F14097992ABBE7A200E92005 /* TooltipHeaderView.swift in Sources */ = {isa = PBXBuildFile; fileRef = F14097982ABBE7A200E92005 /* TooltipHeaderView.swift */; };
		F140979B2ABBE7CD00E92005 /* TooltipHeaderView.xib in Resources */ = {isa = PBXBuildFile; fileRef = F140979A2ABBE7CD00E92005 /* TooltipHeaderView.xib */; };
		F177F7ED2AA793BE00C1EB32 /* AppDelegate.swift in Sources */ = {isa = PBXBuildFile; fileRef = F177F7EC2AA793BE00C1EB32 /* AppDelegate.swift */; };
		F177F7EF2AA793BE00C1EB32 /* SceneDelegate.swift in Sources */ = {isa = PBXBuildFile; fileRef = F177F7EE2AA793BE00C1EB32 /* SceneDelegate.swift */; };
		F177F7F12AA793BE00C1EB32 /* DashboardViewController.swift in Sources */ = {isa = PBXBuildFile; fileRef = F177F7F02AA793BE00C1EB32 /* DashboardViewController.swift */; };
		F177F7F42AA793BE00C1EB32 /* Dashboard.storyboard in Resources */ = {isa = PBXBuildFile; fileRef = F177F7F22AA793BE00C1EB32 /* Dashboard.storyboard */; };
		F177F7F72AA793BE00C1EB32 /* CGAssessment.xcdatamodeld in Sources */ = {isa = PBXBuildFile; fileRef = F177F7F52AA793BE00C1EB32 /* CGAssessment.xcdatamodeld */; };
		F177F7F92AA793C000C1EB32 /* Assets.xcassets in Resources */ = {isa = PBXBuildFile; fileRef = F177F7F82AA793C000C1EB32 /* Assets.xcassets */; };
		F177F7FC2AA793C000C1EB32 /* LaunchScreen.storyboard in Resources */ = {isa = PBXBuildFile; fileRef = F177F7FA2AA793C000C1EB32 /* LaunchScreen.storyboard */; };
		F177F8072AA793C000C1EB32 /* CGAssessmentTests.swift in Sources */ = {isa = PBXBuildFile; fileRef = F177F8062AA793C000C1EB32 /* CGAssessmentTests.swift */; };
		F177F8112AA793C000C1EB32 /* CGAssessmentUITests.swift in Sources */ = {isa = PBXBuildFile; fileRef = F177F8102AA793C000C1EB32 /* CGAssessmentUITests.swift */; };
		F177F8132AA793C000C1EB32 /* CGAssessmentUITestsLaunchTests.swift in Sources */ = {isa = PBXBuildFile; fileRef = F177F8122AA793C000C1EB32 /* CGAssessmentUITestsLaunchTests.swift */; };
		F1A9FBD12AAA60170048E31F /* SF-Compact-Display-Semibold.otf in Resources */ = {isa = PBXBuildFile; fileRef = F1AEEB6F2AA9508E0038968E /* SF-Compact-Display-Semibold.otf */; };
		F1A9FBD22AAA60170048E31F /* SF-Compact-Rounded-Black.otf in Resources */ = {isa = PBXBuildFile; fileRef = F1AEEB732AA9508E0038968E /* SF-Compact-Rounded-Black.otf */; };
		F1A9FBD32AAA60170048E31F /* SF-Compact-Display-Ultralight.otf in Resources */ = {isa = PBXBuildFile; fileRef = F1AEEB792AA9508F0038968E /* SF-Compact-Display-Ultralight.otf */; };
		F1A9FBD42AAA60170048E31F /* SF-Compact-Display-Regular.otf in Resources */ = {isa = PBXBuildFile; fileRef = F1AEEB7D2AA950900038968E /* SF-Compact-Display-Regular.otf */; };
		F1A9FBD52AAA60170048E31F /* SF-Compact-Rounded-Semibold.otf in Resources */ = {isa = PBXBuildFile; fileRef = F1AEEB7A2AA950900038968E /* SF-Compact-Rounded-Semibold.otf */; };
		F1A9FBD62AAA60170048E31F /* SF-Compact-Rounded-Heavy.otf in Resources */ = {isa = PBXBuildFile; fileRef = F1AEEB752AA9508F0038968E /* SF-Compact-Rounded-Heavy.otf */; };
		F1A9FBD72AAA60170048E31F /* SF-Compact-Rounded-Regular.otf in Resources */ = {isa = PBXBuildFile; fileRef = F1AEEB6E2AA9508D0038968E /* SF-Compact-Rounded-Regular.otf */; };
		F1A9FBD82AAA60170048E31F /* SF-Compact-Display-Medium.otf in Resources */ = {isa = PBXBuildFile; fileRef = F1AEEB722AA9508E0038968E /* SF-Compact-Display-Medium.otf */; };
		F1A9FBD92AAA60170048E31F /* SF-Compact-Display-Heavy.otf in Resources */ = {isa = PBXBuildFile; fileRef = F1AEEB702AA9508E0038968E /* SF-Compact-Display-Heavy.otf */; };
		F1A9FBDA2AAA60170048E31F /* SF-Compact-Rounded-Light.otf in Resources */ = {isa = PBXBuildFile; fileRef = F1AEEB782AA9508F0038968E /* SF-Compact-Rounded-Light.otf */; };
		F1A9FBDB2AAA60170048E31F /* SF-Compact-Rounded-Thin.otf in Resources */ = {isa = PBXBuildFile; fileRef = F1AEEB7C2AA950900038968E /* SF-Compact-Rounded-Thin.otf */; };
		F1A9FBDC2AAA60170048E31F /* SF-Compact-Display-Thin.otf in Resources */ = {isa = PBXBuildFile; fileRef = F1AEEB742AA9508E0038968E /* SF-Compact-Display-Thin.otf */; };
		F1A9FBDD2AAA60170048E31F /* SF-Compact-Display-Light.otf in Resources */ = {isa = PBXBuildFile; fileRef = F1AEEB712AA9508E0038968E /* SF-Compact-Display-Light.otf */; };
		F1A9FBDE2AAA60170048E31F /* SF-Compact-Rounded-Bold.otf in Resources */ = {isa = PBXBuildFile; fileRef = F1AEEB6C2AA9508D0038968E /* SF-Compact-Rounded-Bold.otf */; };
		F1A9FBDF2AAA60170048E31F /* SF-Compact-Display-Black.otf in Resources */ = {isa = PBXBuildFile; fileRef = F1AEEB772AA9508F0038968E /* SF-Compact-Display-Black.otf */; };
		F1A9FBE02AAA60170048E31F /* SF-Compact-Display-Bold.otf in Resources */ = {isa = PBXBuildFile; fileRef = F1AEEB7B2AA950900038968E /* SF-Compact-Display-Bold.otf */; };
		F1A9FBE12AAA60170048E31F /* SF-Compact-Rounded-Medium.otf in Resources */ = {isa = PBXBuildFile; fileRef = F1AEEB6D2AA9508D0038968E /* SF-Compact-Rounded-Medium.otf */; };
		F1A9FBE22AAA60170048E31F /* SF-Compact-Rounded-Ultralight.otf in Resources */ = {isa = PBXBuildFile; fileRef = F1AEEB762AA9508F0038968E /* SF-Compact-Rounded-Ultralight.otf */; };
		F1AEEB692AA94F000038968E /* FeatureComponentView.swift in Sources */ = {isa = PBXBuildFile; fileRef = F1AEEB672AA94F000038968E /* FeatureComponentView.swift */; };
		F1AEEB832AA98BCF0038968E /* CircularProgressBarView.swift in Sources */ = {isa = PBXBuildFile; fileRef = F1AEEB822AA98BCF0038968E /* CircularProgressBarView.swift */; };
		F1AEEB8F2AA995600038968E /* Localizable.strings in Resources */ = {isa = PBXBuildFile; fileRef = F1AEEB912AA995600038968E /* Localizable.strings */; };
		F1AEEB942AA995AA0038968E /* LocalizedTable.swift in Sources */ = {isa = PBXBuildFile; fileRef = F1AEEB932AA995AA0038968E /* LocalizedTable.swift */; };
		F1BE9F712AB6029A00250B69 /* DatePickerTableViewCell.swift in Sources */ = {isa = PBXBuildFile; fileRef = F1BE9F6F2AB6029A00250B69 /* DatePickerTableViewCell.swift */; };
		F1BE9F722AB6029A00250B69 /* DatePickerTableViewCell.xib in Resources */ = {isa = PBXBuildFile; fileRef = F1BE9F702AB6029A00250B69 /* DatePickerTableViewCell.xib */; };
		F1BE9F742AB608AA00250B69 /* Date+Extension.swift in Sources */ = {isa = PBXBuildFile; fileRef = F1BE9F732AB608AA00250B69 /* Date+Extension.swift */; };
		F1BE9F782AB6552C00250B69 /* SearchBarTableViewCell.swift in Sources */ = {isa = PBXBuildFile; fileRef = F1BE9F762AB6552C00250B69 /* SearchBarTableViewCell.swift */; };
		F1BE9F792AB6552C00250B69 /* SearchBarTableViewCell.xib in Resources */ = {isa = PBXBuildFile; fileRef = F1BE9F772AB6552C00250B69 /* SearchBarTableViewCell.xib */; };
		F1BE9F7D2AB66F1700250B69 /* ActionButtonTableViewCell.swift in Sources */ = {isa = PBXBuildFile; fileRef = F1BE9F7B2AB66F1700250B69 /* ActionButtonTableViewCell.swift */; };
		F1BE9F7E2AB66F1700250B69 /* ActionButtonTableViewCell.xib in Resources */ = {isa = PBXBuildFile; fileRef = F1BE9F7C2AB66F1700250B69 /* ActionButtonTableViewCell.xib */; };
		F1BE9F832AB677E300250B69 /* ResumedPatientTableViewCell.swift in Sources */ = {isa = PBXBuildFile; fileRef = F1BE9F812AB677E300250B69 /* ResumedPatientTableViewCell.swift */; };
		F1BE9F842AB677E300250B69 /* ResumedPatientTableViewCell.xib in Resources */ = {isa = PBXBuildFile; fileRef = F1BE9F822AB677E300250B69 /* ResumedPatientTableViewCell.xib */; };
		F1BE9F882AB6846300250B69 /* NewCGAModels.swift in Sources */ = {isa = PBXBuildFile; fileRef = F1BE9F872AB6846300250B69 /* NewCGAModels.swift */; };
		F1E338FD2AB6A52200282AF3 /* NewCGAViewController.swift in Sources */ = {isa = PBXBuildFile; fileRef = F1E338FB2AB6A52200282AF3 /* NewCGAViewController.swift */; };
		F1E339002AB6B2EE00282AF3 /* NewCGA.storyboard in Resources */ = {isa = PBXBuildFile; fileRef = F1E338FF2AB6B2EE00282AF3 /* NewCGA.storyboard */; };
		F1E339022AB6BD3C00282AF3 /* NewCGABuilder.swift in Sources */ = {isa = PBXBuildFile; fileRef = F1E339012AB6BD3C00282AF3 /* NewCGABuilder.swift */; };
		F1E339082AB7660000282AF3 /* Collection+Extension.swift in Sources */ = {isa = PBXBuildFile; fileRef = F1E339072AB7660000282AF3 /* Collection+Extension.swift */; };
		F1F295822AAADC6800E52B92 /* TodoEvaluationTableViewCell.swift in Sources */ = {isa = PBXBuildFile; fileRef = F1F295802AAADC6800E52B92 /* TodoEvaluationTableViewCell.swift */; };
		F1F295832AAADC6800E52B92 /* TodoEvaluationTableViewCell.xib in Resources */ = {isa = PBXBuildFile; fileRef = F1F295812AAADC6800E52B92 /* TodoEvaluationTableViewCell.xib */; };
		F1F295852AAAF3E700E52B92 /* NSAttributedString+Extension.swift in Sources */ = {isa = PBXBuildFile; fileRef = F1F295842AAAF3E700E52B92 /* NSAttributedString+Extension.swift */; };
		F1F295882AAAF5E700E52B92 /* NoTodoEvaluationTableViewCell.swift in Sources */ = {isa = PBXBuildFile; fileRef = F1F295862AAAF5E700E52B92 /* NoTodoEvaluationTableViewCell.swift */; };
		F1F295892AAAF5E700E52B92 /* NoTodoEvaluationTableViewCell.xib in Resources */ = {isa = PBXBuildFile; fileRef = F1F295872AAAF5E700E52B92 /* NoTodoEvaluationTableViewCell.xib */; };
		F1F2958C2AACC0A800E52B92 /* RecentApplicationTableViewCell.swift in Sources */ = {isa = PBXBuildFile; fileRef = F1F2958A2AACC0A800E52B92 /* RecentApplicationTableViewCell.swift */; };
		F1F2958D2AACC0A800E52B92 /* RecentApplicationTableViewCell.xib in Resources */ = {isa = PBXBuildFile; fileRef = F1F2958B2AACC0A800E52B92 /* RecentApplicationTableViewCell.xib */; };
		F1F2E9B22AACDBC40006075F /* TitleHeaderView.swift in Sources */ = {isa = PBXBuildFile; fileRef = F1F2E9B12AACDBC40006075F /* TitleHeaderView.swift */; };
		F1F2E9B42AACDBD30006075F /* TitleHeaderView.xib in Resources */ = {isa = PBXBuildFile; fileRef = F1F2E9B32AACDBD30006075F /* TitleHeaderView.xib */; };
		F1F2E9B62AACE0B70006075F /* UIView+Extension.swift in Sources */ = {isa = PBXBuildFile; fileRef = F1F2E9B52AACE0B70006075F /* UIView+Extension.swift */; };
		F1F2E9B82AACE3890006075F /* UITableView+Extension.swift in Sources */ = {isa = PBXBuildFile; fileRef = F1F2E9B72AACE3890006075F /* UITableView+Extension.swift */; };
		F1F2E9BA2AACE85E0006075F /* FeatureComponentView.xib in Resources */ = {isa = PBXBuildFile; fileRef = F1F2E9B92AACE85E0006075F /* FeatureComponentView.xib */; };
		F1F2E9BD2AACEBD70006075F /* NoRecentApplicationTableViewCell.swift in Sources */ = {isa = PBXBuildFile; fileRef = F1F2E9BB2AACEBD70006075F /* NoRecentApplicationTableViewCell.swift */; };
		F1F2E9BE2AACEBD70006075F /* NoRecentApplicationTableViewCell.xib in Resources */ = {isa = PBXBuildFile; fileRef = F1F2E9BC2AACEBD70006075F /* NoRecentApplicationTableViewCell.xib */; };
		F1F2E9C12AAE6B330006075F /* FeaturesTableViewCell.swift in Sources */ = {isa = PBXBuildFile; fileRef = F1F2E9BF2AAE6B330006075F /* FeaturesTableViewCell.swift */; };
		F1F2E9C22AAE6B330006075F /* FeaturesTableViewCell.xib in Resources */ = {isa = PBXBuildFile; fileRef = F1F2E9C02AAE6B330006075F /* FeaturesTableViewCell.xib */; };
		F1F2E9C72AB273D80006075F /* TabBarViewController.swift in Sources */ = {isa = PBXBuildFile; fileRef = F1F2E9C62AB273D80006075F /* TabBarViewController.swift */; };
		F1F2E9CB2AB275420006075F /* TabBarBuilder.swift in Sources */ = {isa = PBXBuildFile; fileRef = F1F2E9CA2AB275420006075F /* TabBarBuilder.swift */; };
		F1F2E9CD2AB275A90006075F /* TabBarRouter.swift in Sources */ = {isa = PBXBuildFile; fileRef = F1F2E9CC2AB275A90006075F /* TabBarRouter.swift */; };
		F1F2E9CF2AB2794F0006075F /* UIImage+Extension.swift in Sources */ = {isa = PBXBuildFile; fileRef = F1F2E9CE2AB2794F0006075F /* UIImage+Extension.swift */; };
		F1F2E9D12AB28BFC0006075F /* DashboardBuilder.swift in Sources */ = {isa = PBXBuildFile; fileRef = F1F2E9D02AB28BFC0006075F /* DashboardBuilder.swift */; };
		F1F2E9D52AB298CC0006075F /* NavigationBuilder.swift in Sources */ = {isa = PBXBuildFile; fileRef = F1F2E9D42AB298CC0006075F /* NavigationBuilder.swift */; };
		F1F2E9D72AB2996B0006075F /* UIColor+Extension.swift in Sources */ = {isa = PBXBuildFile; fileRef = F1F2E9D62AB2996B0006075F /* UIColor+Extension.swift */; };
		F1F2E9DA2AB342400006075F /* SelectableView.xib in Resources */ = {isa = PBXBuildFile; fileRef = F1F2E9D92AB342400006075F /* SelectableView.xib */; };
		F1F2E9DE2AB355130006075F /* SelectableView.swift in Sources */ = {isa = PBXBuildFile; fileRef = F1F2E9DD2AB355130006075F /* SelectableView.swift */; };
		F1F2E9E02AB355C90006075F /* SelectableKeys.swift in Sources */ = {isa = PBXBuildFile; fileRef = F1F2E9DF2AB355C90006075F /* SelectableKeys.swift */; };
		F1F2E9E42AB35E570006075F /* SelectableModels.swift in Sources */ = {isa = PBXBuildFile; fileRef = F1F2E9E32AB35E570006075F /* SelectableModels.swift */; };
		F1F2E9EA2AB36A540006075F /* SelectableTableViewCell.swift in Sources */ = {isa = PBXBuildFile; fileRef = F1F2E9E82AB36A540006075F /* SelectableTableViewCell.swift */; };
		F1F2E9EB2AB36A540006075F /* SelectableTableViewCell.xib in Resources */ = {isa = PBXBuildFile; fileRef = F1F2E9E92AB36A540006075F /* SelectableTableViewCell.xib */; };
		F1F2E9ED2AB36AD00006075F /* UIFont+Extension.swift in Sources */ = {isa = PBXBuildFile; fileRef = F1F2E9EC2AB36AD00006075F /* UIFont+Extension.swift */; };
		F1F2E9EF2AB39F5A0006075F /* CGAModels.swift in Sources */ = {isa = PBXBuildFile; fileRef = F1F2E9EE2AB39F5A0006075F /* CGAModels.swift */; };
		F1F2E9F32AB5578A0006075F /* TextFieldTableViewCell.swift in Sources */ = {isa = PBXBuildFile; fileRef = F1F2E9F12AB5578A0006075F /* TextFieldTableViewCell.swift */; };
		F1F2E9F42AB5578A0006075F /* TextFieldTableViewCell.xib in Resources */ = {isa = PBXBuildFile; fileRef = F1F2E9F22AB5578A0006075F /* TextFieldTableViewCell.xib */; };
		F1F2E9F72AB567A00006075F /* IQKeyboardManagerSwift in Frameworks */ = {isa = PBXBuildFile; productRef = F1F2E9F62AB567A00006075F /* IQKeyboardManagerSwift */; };
/* End PBXBuildFile section */

/* Begin PBXContainerItemProxy section */
		F177F8032AA793C000C1EB32 /* PBXContainerItemProxy */ = {
			isa = PBXContainerItemProxy;
			containerPortal = F177F7E12AA793BE00C1EB32 /* Project object */;
			proxyType = 1;
			remoteGlobalIDString = F177F7E82AA793BE00C1EB32;
			remoteInfo = CGAssessment;
		};
		F177F80D2AA793C000C1EB32 /* PBXContainerItemProxy */ = {
			isa = PBXContainerItemProxy;
			containerPortal = F177F7E12AA793BE00C1EB32 /* Project object */;
			proxyType = 1;
			remoteGlobalIDString = F177F7E82AA793BE00C1EB32;
			remoteInfo = CGAssessment;
		};
/* End PBXContainerItemProxy section */

/* Begin PBXFileReference section */
		F14097662AB7A3C100E92005 /* TitleTableViewCell.swift */ = {isa = PBXFileReference; lastKnownFileType = sourcecode.swift; path = TitleTableViewCell.swift; sourceTree = "<group>"; };
		F14097672AB7A3C100E92005 /* TitleTableViewCell.xib */ = {isa = PBXFileReference; lastKnownFileType = file.xib; path = TitleTableViewCell.xib; sourceTree = "<group>"; };
		F140976A2AB7B17700E92005 /* DashboardInteractor.swift */ = {isa = PBXFileReference; lastKnownFileType = sourcecode.swift; path = DashboardInteractor.swift; sourceTree = "<group>"; };
		F140976C2AB7B20500E92005 /* DashboardModels.swift */ = {isa = PBXFileReference; lastKnownFileType = sourcecode.swift; path = DashboardModels.swift; sourceTree = "<group>"; };
		F140976E2AB7B26500E92005 /* DashboardPresenter.swift */ = {isa = PBXFileReference; lastKnownFileType = sourcecode.swift; path = DashboardPresenter.swift; sourceTree = "<group>"; };
		F14097702AB7B26E00E92005 /* DashboardRouter.swift */ = {isa = PBXFileReference; lastKnownFileType = sourcecode.swift; path = DashboardRouter.swift; sourceTree = "<group>"; };
		F14097722AB7D43B00E92005 /* NewCGAInteractor.swift */ = {isa = PBXFileReference; lastKnownFileType = sourcecode.swift; path = NewCGAInteractor.swift; sourceTree = "<group>"; };
		F14097742AB7D44800E92005 /* NewCGAPresenter.swift */ = {isa = PBXFileReference; lastKnownFileType = sourcecode.swift; path = NewCGAPresenter.swift; sourceTree = "<group>"; };
		F14097762AB7D45400E92005 /* NewCGARouter.swift */ = {isa = PBXFileReference; lastKnownFileType = sourcecode.swift; path = NewCGARouter.swift; sourceTree = "<group>"; };
		F14097782AB7F3BE00E92005 /* String+Extension.swift */ = {isa = PBXFileReference; lastKnownFileType = sourcecode.swift; path = "String+Extension.swift"; sourceTree = "<group>"; };
		F140977B2ABB616C00E92005 /* TooltipTableViewCell.swift */ = {isa = PBXFileReference; lastKnownFileType = sourcecode.swift; path = TooltipTableViewCell.swift; sourceTree = "<group>"; };
		F140977C2ABB616C00E92005 /* TooltipTableViewCell.xib */ = {isa = PBXFileReference; lastKnownFileType = file.xib; path = TooltipTableViewCell.xib; sourceTree = "<group>"; };
		F14097812ABB965B00E92005 /* CGADomainTableViewCell.swift */ = {isa = PBXFileReference; lastKnownFileType = sourcecode.swift; path = CGADomainTableViewCell.swift; sourceTree = "<group>"; };
		F14097822ABB965B00E92005 /* CGADomainTableViewCell.xib */ = {isa = PBXFileReference; lastKnownFileType = file.xib; path = CGADomainTableViewCell.xib; sourceTree = "<group>"; };
		F14097852ABB9C9C00E92005 /* TestNameView.xib */ = {isa = PBXFileReference; lastKnownFileType = file.xib; path = TestNameView.xib; sourceTree = "<group>"; };
		F14097872ABBA24600E92005 /* TestNameView.swift */ = {isa = PBXFileReference; lastKnownFileType = sourcecode.swift; path = TestNameView.swift; sourceTree = "<group>"; };
		F140978A2ABBAF8700E92005 /* CGADomainsModels.swift */ = {isa = PBXFileReference; lastKnownFileType = sourcecode.swift; path = CGADomainsModels.swift; sourceTree = "<group>"; };
		F140978C2ABBC51500E92005 /* CGADomains.storyboard */ = {isa = PBXFileReference; lastKnownFileType = file.storyboard; path = CGADomains.storyboard; sourceTree = "<group>"; };
		F140978E2ABBC52300E92005 /* CGADomainsViewController.swift */ = {isa = PBXFileReference; lastKnownFileType = sourcecode.swift; path = CGADomainsViewController.swift; sourceTree = "<group>"; };
		F14097902ABBC53000E92005 /* CGADomainsInteractor.swift */ = {isa = PBXFileReference; lastKnownFileType = sourcecode.swift; path = CGADomainsInteractor.swift; sourceTree = "<group>"; };
		F14097922ABBC53C00E92005 /* CGADomainsPresenter.swift */ = {isa = PBXFileReference; lastKnownFileType = sourcecode.swift; path = CGADomainsPresenter.swift; sourceTree = "<group>"; };
		F14097942ABBC55700E92005 /* CGADomainsRouter.swift */ = {isa = PBXFileReference; lastKnownFileType = sourcecode.swift; path = CGADomainsRouter.swift; sourceTree = "<group>"; };
		F14097982ABBE7A200E92005 /* TooltipHeaderView.swift */ = {isa = PBXFileReference; lastKnownFileType = sourcecode.swift; path = TooltipHeaderView.swift; sourceTree = "<group>"; };
		F140979A2ABBE7CD00E92005 /* TooltipHeaderView.xib */ = {isa = PBXFileReference; lastKnownFileType = file.xib; path = TooltipHeaderView.xib; sourceTree = "<group>"; };
		F177F7E92AA793BE00C1EB32 /* CGAssessment.app */ = {isa = PBXFileReference; explicitFileType = wrapper.application; includeInIndex = 0; path = CGAssessment.app; sourceTree = BUILT_PRODUCTS_DIR; };
		F177F7EC2AA793BE00C1EB32 /* AppDelegate.swift */ = {isa = PBXFileReference; lastKnownFileType = sourcecode.swift; path = AppDelegate.swift; sourceTree = "<group>"; };
		F177F7EE2AA793BE00C1EB32 /* SceneDelegate.swift */ = {isa = PBXFileReference; lastKnownFileType = sourcecode.swift; path = SceneDelegate.swift; sourceTree = "<group>"; };
		F177F7F02AA793BE00C1EB32 /* DashboardViewController.swift */ = {isa = PBXFileReference; lastKnownFileType = sourcecode.swift; path = DashboardViewController.swift; sourceTree = "<group>"; };
		F177F7F32AA793BE00C1EB32 /* Base */ = {isa = PBXFileReference; lastKnownFileType = file.storyboard; name = Base; path = Base.lproj/Dashboard.storyboard; sourceTree = "<group>"; };
		F177F7F62AA793BE00C1EB32 /* CGAssessment.xcdatamodel */ = {isa = PBXFileReference; lastKnownFileType = wrapper.xcdatamodel; path = CGAssessment.xcdatamodel; sourceTree = "<group>"; };
		F177F7F82AA793C000C1EB32 /* Assets.xcassets */ = {isa = PBXFileReference; lastKnownFileType = folder.assetcatalog; path = Assets.xcassets; sourceTree = "<group>"; };
		F177F7FB2AA793C000C1EB32 /* Base */ = {isa = PBXFileReference; lastKnownFileType = file.storyboard; name = Base; path = Base.lproj/LaunchScreen.storyboard; sourceTree = "<group>"; };
		F177F7FD2AA793C000C1EB32 /* Info.plist */ = {isa = PBXFileReference; lastKnownFileType = text.plist.xml; path = Info.plist; sourceTree = "<group>"; };
		F177F8022AA793C000C1EB32 /* CGAssessmentTests.xctest */ = {isa = PBXFileReference; explicitFileType = wrapper.cfbundle; includeInIndex = 0; path = CGAssessmentTests.xctest; sourceTree = BUILT_PRODUCTS_DIR; };
		F177F8062AA793C000C1EB32 /* CGAssessmentTests.swift */ = {isa = PBXFileReference; lastKnownFileType = sourcecode.swift; path = CGAssessmentTests.swift; sourceTree = "<group>"; };
		F177F80C2AA793C000C1EB32 /* CGAssessmentUITests.xctest */ = {isa = PBXFileReference; explicitFileType = wrapper.cfbundle; includeInIndex = 0; path = CGAssessmentUITests.xctest; sourceTree = BUILT_PRODUCTS_DIR; };
		F177F8102AA793C000C1EB32 /* CGAssessmentUITests.swift */ = {isa = PBXFileReference; lastKnownFileType = sourcecode.swift; path = CGAssessmentUITests.swift; sourceTree = "<group>"; };
		F177F8122AA793C000C1EB32 /* CGAssessmentUITestsLaunchTests.swift */ = {isa = PBXFileReference; lastKnownFileType = sourcecode.swift; path = CGAssessmentUITestsLaunchTests.swift; sourceTree = "<group>"; };
		F1AEEB672AA94F000038968E /* FeatureComponentView.swift */ = {isa = PBXFileReference; lastKnownFileType = sourcecode.swift; path = FeatureComponentView.swift; sourceTree = "<group>"; };
		F1AEEB6C2AA9508D0038968E /* SF-Compact-Rounded-Bold.otf */ = {isa = PBXFileReference; lastKnownFileType = file; path = "SF-Compact-Rounded-Bold.otf"; sourceTree = "<group>"; };
		F1AEEB6D2AA9508D0038968E /* SF-Compact-Rounded-Medium.otf */ = {isa = PBXFileReference; lastKnownFileType = file; path = "SF-Compact-Rounded-Medium.otf"; sourceTree = "<group>"; };
		F1AEEB6E2AA9508D0038968E /* SF-Compact-Rounded-Regular.otf */ = {isa = PBXFileReference; lastKnownFileType = file; path = "SF-Compact-Rounded-Regular.otf"; sourceTree = "<group>"; };
		F1AEEB6F2AA9508E0038968E /* SF-Compact-Display-Semibold.otf */ = {isa = PBXFileReference; lastKnownFileType = file; path = "SF-Compact-Display-Semibold.otf"; sourceTree = "<group>"; };
		F1AEEB702AA9508E0038968E /* SF-Compact-Display-Heavy.otf */ = {isa = PBXFileReference; lastKnownFileType = file; path = "SF-Compact-Display-Heavy.otf"; sourceTree = "<group>"; };
		F1AEEB712AA9508E0038968E /* SF-Compact-Display-Light.otf */ = {isa = PBXFileReference; lastKnownFileType = file; path = "SF-Compact-Display-Light.otf"; sourceTree = "<group>"; };
		F1AEEB722AA9508E0038968E /* SF-Compact-Display-Medium.otf */ = {isa = PBXFileReference; lastKnownFileType = file; path = "SF-Compact-Display-Medium.otf"; sourceTree = "<group>"; };
		F1AEEB732AA9508E0038968E /* SF-Compact-Rounded-Black.otf */ = {isa = PBXFileReference; lastKnownFileType = file; path = "SF-Compact-Rounded-Black.otf"; sourceTree = "<group>"; };
		F1AEEB742AA9508E0038968E /* SF-Compact-Display-Thin.otf */ = {isa = PBXFileReference; lastKnownFileType = file; path = "SF-Compact-Display-Thin.otf"; sourceTree = "<group>"; };
		F1AEEB752AA9508F0038968E /* SF-Compact-Rounded-Heavy.otf */ = {isa = PBXFileReference; lastKnownFileType = file; path = "SF-Compact-Rounded-Heavy.otf"; sourceTree = "<group>"; };
		F1AEEB762AA9508F0038968E /* SF-Compact-Rounded-Ultralight.otf */ = {isa = PBXFileReference; lastKnownFileType = file; path = "SF-Compact-Rounded-Ultralight.otf"; sourceTree = "<group>"; };
		F1AEEB772AA9508F0038968E /* SF-Compact-Display-Black.otf */ = {isa = PBXFileReference; lastKnownFileType = file; path = "SF-Compact-Display-Black.otf"; sourceTree = "<group>"; };
		F1AEEB782AA9508F0038968E /* SF-Compact-Rounded-Light.otf */ = {isa = PBXFileReference; lastKnownFileType = file; path = "SF-Compact-Rounded-Light.otf"; sourceTree = "<group>"; };
		F1AEEB792AA9508F0038968E /* SF-Compact-Display-Ultralight.otf */ = {isa = PBXFileReference; lastKnownFileType = file; path = "SF-Compact-Display-Ultralight.otf"; sourceTree = "<group>"; };
		F1AEEB7A2AA950900038968E /* SF-Compact-Rounded-Semibold.otf */ = {isa = PBXFileReference; lastKnownFileType = file; path = "SF-Compact-Rounded-Semibold.otf"; sourceTree = "<group>"; };
		F1AEEB7B2AA950900038968E /* SF-Compact-Display-Bold.otf */ = {isa = PBXFileReference; lastKnownFileType = file; path = "SF-Compact-Display-Bold.otf"; sourceTree = "<group>"; };
		F1AEEB7C2AA950900038968E /* SF-Compact-Rounded-Thin.otf */ = {isa = PBXFileReference; lastKnownFileType = file; path = "SF-Compact-Rounded-Thin.otf"; sourceTree = "<group>"; };
		F1AEEB7D2AA950900038968E /* SF-Compact-Display-Regular.otf */ = {isa = PBXFileReference; lastKnownFileType = file; path = "SF-Compact-Display-Regular.otf"; sourceTree = "<group>"; };
		F1AEEB822AA98BCF0038968E /* CircularProgressBarView.swift */ = {isa = PBXFileReference; lastKnownFileType = sourcecode.swift; path = CircularProgressBarView.swift; sourceTree = "<group>"; };
		F1AEEB8D2AA995550038968E /* pt-BR */ = {isa = PBXFileReference; lastKnownFileType = text.plist.strings; name = "pt-BR"; path = "pt-BR.lproj/Dashboard.strings"; sourceTree = "<group>"; };
		F1AEEB8E2AA995550038968E /* pt-BR */ = {isa = PBXFileReference; lastKnownFileType = text.plist.strings; name = "pt-BR"; path = "pt-BR.lproj/LaunchScreen.strings"; sourceTree = "<group>"; };
		F1AEEB902AA995600038968E /* pt-BR */ = {isa = PBXFileReference; lastKnownFileType = text.plist.strings; name = "pt-BR"; path = "pt-BR.lproj/Localizable.strings"; sourceTree = "<group>"; };
		F1AEEB922AA9956E0038968E /* en */ = {isa = PBXFileReference; lastKnownFileType = text.plist.strings; name = en; path = en.lproj/Localizable.strings; sourceTree = "<group>"; };
		F1AEEB932AA995AA0038968E /* LocalizedTable.swift */ = {isa = PBXFileReference; lastKnownFileType = sourcecode.swift; path = LocalizedTable.swift; sourceTree = "<group>"; };
		F1BE9F6F2AB6029A00250B69 /* DatePickerTableViewCell.swift */ = {isa = PBXFileReference; lastKnownFileType = sourcecode.swift; path = DatePickerTableViewCell.swift; sourceTree = "<group>"; };
		F1BE9F702AB6029A00250B69 /* DatePickerTableViewCell.xib */ = {isa = PBXFileReference; lastKnownFileType = file.xib; path = DatePickerTableViewCell.xib; sourceTree = "<group>"; };
		F1BE9F732AB608AA00250B69 /* Date+Extension.swift */ = {isa = PBXFileReference; lastKnownFileType = sourcecode.swift; path = "Date+Extension.swift"; sourceTree = "<group>"; };
		F1BE9F762AB6552C00250B69 /* SearchBarTableViewCell.swift */ = {isa = PBXFileReference; lastKnownFileType = sourcecode.swift; path = SearchBarTableViewCell.swift; sourceTree = "<group>"; };
		F1BE9F772AB6552C00250B69 /* SearchBarTableViewCell.xib */ = {isa = PBXFileReference; lastKnownFileType = file.xib; path = SearchBarTableViewCell.xib; sourceTree = "<group>"; };
		F1BE9F7B2AB66F1700250B69 /* ActionButtonTableViewCell.swift */ = {isa = PBXFileReference; lastKnownFileType = sourcecode.swift; path = ActionButtonTableViewCell.swift; sourceTree = "<group>"; };
		F1BE9F7C2AB66F1700250B69 /* ActionButtonTableViewCell.xib */ = {isa = PBXFileReference; lastKnownFileType = file.xib; path = ActionButtonTableViewCell.xib; sourceTree = "<group>"; };
		F1BE9F812AB677E300250B69 /* ResumedPatientTableViewCell.swift */ = {isa = PBXFileReference; lastKnownFileType = sourcecode.swift; path = ResumedPatientTableViewCell.swift; sourceTree = "<group>"; };
		F1BE9F822AB677E300250B69 /* ResumedPatientTableViewCell.xib */ = {isa = PBXFileReference; lastKnownFileType = file.xib; path = ResumedPatientTableViewCell.xib; sourceTree = "<group>"; };
		F1BE9F872AB6846300250B69 /* NewCGAModels.swift */ = {isa = PBXFileReference; lastKnownFileType = sourcecode.swift; path = NewCGAModels.swift; sourceTree = "<group>"; };
		F1E338FB2AB6A52200282AF3 /* NewCGAViewController.swift */ = {isa = PBXFileReference; lastKnownFileType = sourcecode.swift; path = NewCGAViewController.swift; sourceTree = "<group>"; };
		F1E338FF2AB6B2EE00282AF3 /* NewCGA.storyboard */ = {isa = PBXFileReference; lastKnownFileType = file.storyboard; path = NewCGA.storyboard; sourceTree = "<group>"; };
		F1E339012AB6BD3C00282AF3 /* NewCGABuilder.swift */ = {isa = PBXFileReference; lastKnownFileType = sourcecode.swift; path = NewCGABuilder.swift; sourceTree = "<group>"; };
		F1E339072AB7660000282AF3 /* Collection+Extension.swift */ = {isa = PBXFileReference; lastKnownFileType = sourcecode.swift; path = "Collection+Extension.swift"; sourceTree = "<group>"; };
		F1F295802AAADC6800E52B92 /* TodoEvaluationTableViewCell.swift */ = {isa = PBXFileReference; lastKnownFileType = sourcecode.swift; path = TodoEvaluationTableViewCell.swift; sourceTree = "<group>"; };
		F1F295812AAADC6800E52B92 /* TodoEvaluationTableViewCell.xib */ = {isa = PBXFileReference; lastKnownFileType = file.xib; path = TodoEvaluationTableViewCell.xib; sourceTree = "<group>"; };
		F1F295842AAAF3E700E52B92 /* NSAttributedString+Extension.swift */ = {isa = PBXFileReference; lastKnownFileType = sourcecode.swift; path = "NSAttributedString+Extension.swift"; sourceTree = "<group>"; };
		F1F295862AAAF5E700E52B92 /* NoTodoEvaluationTableViewCell.swift */ = {isa = PBXFileReference; lastKnownFileType = sourcecode.swift; path = NoTodoEvaluationTableViewCell.swift; sourceTree = "<group>"; };
		F1F295872AAAF5E700E52B92 /* NoTodoEvaluationTableViewCell.xib */ = {isa = PBXFileReference; lastKnownFileType = file.xib; path = NoTodoEvaluationTableViewCell.xib; sourceTree = "<group>"; };
		F1F2958A2AACC0A800E52B92 /* RecentApplicationTableViewCell.swift */ = {isa = PBXFileReference; lastKnownFileType = sourcecode.swift; path = RecentApplicationTableViewCell.swift; sourceTree = "<group>"; };
		F1F2958B2AACC0A800E52B92 /* RecentApplicationTableViewCell.xib */ = {isa = PBXFileReference; lastKnownFileType = file.xib; path = RecentApplicationTableViewCell.xib; sourceTree = "<group>"; };
		F1F2E9B12AACDBC40006075F /* TitleHeaderView.swift */ = {isa = PBXFileReference; lastKnownFileType = sourcecode.swift; path = TitleHeaderView.swift; sourceTree = "<group>"; };
		F1F2E9B32AACDBD30006075F /* TitleHeaderView.xib */ = {isa = PBXFileReference; lastKnownFileType = file.xib; path = TitleHeaderView.xib; sourceTree = "<group>"; };
		F1F2E9B52AACE0B70006075F /* UIView+Extension.swift */ = {isa = PBXFileReference; lastKnownFileType = sourcecode.swift; path = "UIView+Extension.swift"; sourceTree = "<group>"; };
		F1F2E9B72AACE3890006075F /* UITableView+Extension.swift */ = {isa = PBXFileReference; lastKnownFileType = sourcecode.swift; path = "UITableView+Extension.swift"; sourceTree = "<group>"; };
		F1F2E9B92AACE85E0006075F /* FeatureComponentView.xib */ = {isa = PBXFileReference; lastKnownFileType = file.xib; path = FeatureComponentView.xib; sourceTree = "<group>"; };
		F1F2E9BB2AACEBD70006075F /* NoRecentApplicationTableViewCell.swift */ = {isa = PBXFileReference; lastKnownFileType = sourcecode.swift; path = NoRecentApplicationTableViewCell.swift; sourceTree = "<group>"; };
		F1F2E9BC2AACEBD70006075F /* NoRecentApplicationTableViewCell.xib */ = {isa = PBXFileReference; lastKnownFileType = file.xib; path = NoRecentApplicationTableViewCell.xib; sourceTree = "<group>"; };
		F1F2E9BF2AAE6B330006075F /* FeaturesTableViewCell.swift */ = {isa = PBXFileReference; lastKnownFileType = sourcecode.swift; path = FeaturesTableViewCell.swift; sourceTree = "<group>"; };
		F1F2E9C02AAE6B330006075F /* FeaturesTableViewCell.xib */ = {isa = PBXFileReference; lastKnownFileType = file.xib; path = FeaturesTableViewCell.xib; sourceTree = "<group>"; };
		F1F2E9C62AB273D80006075F /* TabBarViewController.swift */ = {isa = PBXFileReference; lastKnownFileType = sourcecode.swift; path = TabBarViewController.swift; sourceTree = "<group>"; };
		F1F2E9CA2AB275420006075F /* TabBarBuilder.swift */ = {isa = PBXFileReference; lastKnownFileType = sourcecode.swift; path = TabBarBuilder.swift; sourceTree = "<group>"; };
		F1F2E9CC2AB275A90006075F /* TabBarRouter.swift */ = {isa = PBXFileReference; lastKnownFileType = sourcecode.swift; path = TabBarRouter.swift; sourceTree = "<group>"; };
		F1F2E9CE2AB2794F0006075F /* UIImage+Extension.swift */ = {isa = PBXFileReference; lastKnownFileType = sourcecode.swift; path = "UIImage+Extension.swift"; sourceTree = "<group>"; };
		F1F2E9D02AB28BFC0006075F /* DashboardBuilder.swift */ = {isa = PBXFileReference; lastKnownFileType = sourcecode.swift; path = DashboardBuilder.swift; sourceTree = "<group>"; };
		F1F2E9D42AB298CC0006075F /* NavigationBuilder.swift */ = {isa = PBXFileReference; lastKnownFileType = sourcecode.swift; path = NavigationBuilder.swift; sourceTree = "<group>"; };
		F1F2E9D62AB2996B0006075F /* UIColor+Extension.swift */ = {isa = PBXFileReference; lastKnownFileType = sourcecode.swift; path = "UIColor+Extension.swift"; sourceTree = "<group>"; };
		F1F2E9D92AB342400006075F /* SelectableView.xib */ = {isa = PBXFileReference; lastKnownFileType = file.xib; path = SelectableView.xib; sourceTree = "<group>"; };
		F1F2E9DD2AB355130006075F /* SelectableView.swift */ = {isa = PBXFileReference; lastKnownFileType = sourcecode.swift; path = SelectableView.swift; sourceTree = "<group>"; };
		F1F2E9DF2AB355C90006075F /* SelectableKeys.swift */ = {isa = PBXFileReference; lastKnownFileType = sourcecode.swift; path = SelectableKeys.swift; sourceTree = "<group>"; };
		F1F2E9E32AB35E570006075F /* SelectableModels.swift */ = {isa = PBXFileReference; lastKnownFileType = sourcecode.swift; path = SelectableModels.swift; sourceTree = "<group>"; };
		F1F2E9E82AB36A540006075F /* SelectableTableViewCell.swift */ = {isa = PBXFileReference; lastKnownFileType = sourcecode.swift; path = SelectableTableViewCell.swift; sourceTree = "<group>"; };
		F1F2E9E92AB36A540006075F /* SelectableTableViewCell.xib */ = {isa = PBXFileReference; lastKnownFileType = file.xib; path = SelectableTableViewCell.xib; sourceTree = "<group>"; };
		F1F2E9EC2AB36AD00006075F /* UIFont+Extension.swift */ = {isa = PBXFileReference; lastKnownFileType = sourcecode.swift; path = "UIFont+Extension.swift"; sourceTree = "<group>"; };
		F1F2E9EE2AB39F5A0006075F /* CGAModels.swift */ = {isa = PBXFileReference; lastKnownFileType = sourcecode.swift; path = CGAModels.swift; sourceTree = "<group>"; };
		F1F2E9F12AB5578A0006075F /* TextFieldTableViewCell.swift */ = {isa = PBXFileReference; lastKnownFileType = sourcecode.swift; path = TextFieldTableViewCell.swift; sourceTree = "<group>"; };
		F1F2E9F22AB5578A0006075F /* TextFieldTableViewCell.xib */ = {isa = PBXFileReference; lastKnownFileType = file.xib; path = TextFieldTableViewCell.xib; sourceTree = "<group>"; };
/* End PBXFileReference section */

/* Begin PBXFrameworksBuildPhase section */
		F177F7E62AA793BE00C1EB32 /* Frameworks */ = {
			isa = PBXFrameworksBuildPhase;
			buildActionMask = 2147483647;
			files = (
				F1F2E9F72AB567A00006075F /* IQKeyboardManagerSwift in Frameworks */,
			);
			runOnlyForDeploymentPostprocessing = 0;
		};
		F177F7FF2AA793C000C1EB32 /* Frameworks */ = {
			isa = PBXFrameworksBuildPhase;
			buildActionMask = 2147483647;
			files = (
			);
			runOnlyForDeploymentPostprocessing = 0;
		};
		F177F8092AA793C000C1EB32 /* Frameworks */ = {
			isa = PBXFrameworksBuildPhase;
			buildActionMask = 2147483647;
			files = (
			);
			runOnlyForDeploymentPostprocessing = 0;
		};
/* End PBXFrameworksBuildPhase section */

/* Begin PBXGroup section */
		F14097652AB7A3B000E92005 /* TitleCell */ = {
			isa = PBXGroup;
			children = (
				F14097662AB7A3C100E92005 /* TitleTableViewCell.swift */,
				F14097672AB7A3C100E92005 /* TitleTableViewCell.xib */,
			);
			path = TitleCell;
			sourceTree = "<group>";
		};
		F140977A2ABB615900E92005 /* Tooltip */ = {
			isa = PBXGroup;
			children = (
				F140979A2ABBE7CD00E92005 /* TooltipHeaderView.xib */,
				F14097982ABBE7A200E92005 /* TooltipHeaderView.swift */,
				F140977B2ABB616C00E92005 /* TooltipTableViewCell.swift */,
				F140977C2ABB616C00E92005 /* TooltipTableViewCell.xib */,
			);
			path = Tooltip;
			sourceTree = "<group>";
		};
		F140977F2ABB963D00E92005 /* CGADomains */ = {
			isa = PBXGroup;
			children = (
				F14097802ABB964B00E92005 /* Components */,
				F140978C2ABBC51500E92005 /* CGADomains.storyboard */,
				F140978E2ABBC52300E92005 /* CGADomainsViewController.swift */,
				F14097902ABBC53000E92005 /* CGADomainsInteractor.swift */,
				F14097922ABBC53C00E92005 /* CGADomainsPresenter.swift */,
				F140978A2ABBAF8700E92005 /* CGADomainsModels.swift */,
				F14097942ABBC55700E92005 /* CGADomainsRouter.swift */,
			);
			path = CGADomains;
			sourceTree = "<group>";
		};
		F14097802ABB964B00E92005 /* Components */ = {
			isa = PBXGroup;
			children = (
				F14097812ABB965B00E92005 /* CGADomainTableViewCell.swift */,
				F14097822ABB965B00E92005 /* CGADomainTableViewCell.xib */,
				F14097852ABB9C9C00E92005 /* TestNameView.xib */,
				F14097872ABBA24600E92005 /* TestNameView.swift */,
			);
			path = Components;
			sourceTree = "<group>";
		};
		F177F7E02AA793BE00C1EB32 = {
			isa = PBXGroup;
			children = (
				F177F7EB2AA793BE00C1EB32 /* CGAssessment */,
				F177F8052AA793C000C1EB32 /* CGAssessmentTests */,
				F177F80F2AA793C000C1EB32 /* CGAssessmentUITests */,
				F177F7EA2AA793BE00C1EB32 /* Products */,
			);
			sourceTree = "<group>";
		};
		F177F7EA2AA793BE00C1EB32 /* Products */ = {
			isa = PBXGroup;
			children = (
				F177F7E92AA793BE00C1EB32 /* CGAssessment.app */,
				F177F8022AA793C000C1EB32 /* CGAssessmentTests.xctest */,
				F177F80C2AA793C000C1EB32 /* CGAssessmentUITests.xctest */,
			);
			name = Products;
			sourceTree = "<group>";
		};
		F177F7EB2AA793BE00C1EB32 /* CGAssessment */ = {
			isa = PBXGroup;
			children = (
				F177F8202AA8295500C1EB32 /* Business */,
				F177F81F2AA8294100C1EB32 /* Infrastructure */,
				F177F8212AA8295E00C1EB32 /* Models */,
				F177F8222AA8298B00C1EB32 /* Resources */,
				F177F8232AA8299C00C1EB32 /* Scenes */,
				F177F8242AA829A500C1EB32 /* System */,
			);
			path = CGAssessment;
			sourceTree = "<group>";
		};
		F177F8052AA793C000C1EB32 /* CGAssessmentTests */ = {
			isa = PBXGroup;
			children = (
				F177F8062AA793C000C1EB32 /* CGAssessmentTests.swift */,
			);
			path = CGAssessmentTests;
			sourceTree = "<group>";
		};
		F177F80F2AA793C000C1EB32 /* CGAssessmentUITests */ = {
			isa = PBXGroup;
			children = (
				F177F8102AA793C000C1EB32 /* CGAssessmentUITests.swift */,
				F177F8122AA793C000C1EB32 /* CGAssessmentUITestsLaunchTests.swift */,
			);
			path = CGAssessmentUITests;
			sourceTree = "<group>";
		};
		F177F81F2AA8294100C1EB32 /* Infrastructure */ = {
			isa = PBXGroup;
			children = (
				F1F2E9D32AB298C10006075F /* Navigation */,
				F177F8282AA82A3800C1EB32 /* LocalizedStrings */,
				F177F8272AA82A2C00C1EB32 /* Extensions */,
			);
			path = Infrastructure;
			sourceTree = "<group>";
		};
		F177F8202AA8295500C1EB32 /* Business */ = {
			isa = PBXGroup;
			children = (
			);
			path = Business;
			sourceTree = "<group>";
		};
		F177F8212AA8295E00C1EB32 /* Models */ = {
			isa = PBXGroup;
			children = (
				F1F2E9DF2AB355C90006075F /* SelectableKeys.swift */,
				F1F2E9EE2AB39F5A0006075F /* CGAModels.swift */,
			);
			path = Models;
			sourceTree = "<group>";
		};
		F177F8222AA8298B00C1EB32 /* Resources */ = {
			isa = PBXGroup;
			children = (
				F1AEEB6B2AA94F150038968E /* Fonts */,
				F177F7F82AA793C000C1EB32 /* Assets.xcassets */,
				F177F7FD2AA793C000C1EB32 /* Info.plist */,
				F177F7F52AA793BE00C1EB32 /* CGAssessment.xcdatamodeld */,
			);
			path = Resources;
			sourceTree = "<group>";
		};
		F177F8232AA8299C00C1EB32 /* Scenes */ = {
			isa = PBXGroup;
			children = (
				F1F2E9D82AB341F20006075F /* Common */,
				F1F2E9D22AB2989D0006075F /* TabBar */,
				F177F8262AA829F400C1EB32 /* Dashboard */,
				F1BE9F7F2AB6770000250B69 /* NewCGA */,
				F140977F2ABB963D00E92005 /* CGADomains */,
				F177F8252AA829DA00C1EB32 /* LaunchScreen */,
			);
			path = Scenes;
			sourceTree = "<group>";
		};
		F177F8242AA829A500C1EB32 /* System */ = {
			isa = PBXGroup;
			children = (
				F177F7EC2AA793BE00C1EB32 /* AppDelegate.swift */,
				F177F7EE2AA793BE00C1EB32 /* SceneDelegate.swift */,
			);
			path = System;
			sourceTree = "<group>";
		};
		F177F8252AA829DA00C1EB32 /* LaunchScreen */ = {
			isa = PBXGroup;
			children = (
				F177F7FA2AA793C000C1EB32 /* LaunchScreen.storyboard */,
			);
			path = LaunchScreen;
			sourceTree = "<group>";
		};
		F177F8262AA829F400C1EB32 /* Dashboard */ = {
			isa = PBXGroup;
			children = (
				F1AEEB662AA94EBA0038968E /* Components */,
				F177F7F22AA793BE00C1EB32 /* Dashboard.storyboard */,
				F1F2E9D02AB28BFC0006075F /* DashboardBuilder.swift */,
				F177F7F02AA793BE00C1EB32 /* DashboardViewController.swift */,
				F140976A2AB7B17700E92005 /* DashboardInteractor.swift */,
				F140976E2AB7B26500E92005 /* DashboardPresenter.swift */,
				F14097702AB7B26E00E92005 /* DashboardRouter.swift */,
				F140976C2AB7B20500E92005 /* DashboardModels.swift */,
			);
			path = Dashboard;
			sourceTree = "<group>";
		};
		F177F8272AA82A2C00C1EB32 /* Extensions */ = {
			isa = PBXGroup;
			children = (
				F1F295842AAAF3E700E52B92 /* NSAttributedString+Extension.swift */,
				F1F2E9B52AACE0B70006075F /* UIView+Extension.swift */,
				F1F2E9B72AACE3890006075F /* UITableView+Extension.swift */,
				F1F2E9CE2AB2794F0006075F /* UIImage+Extension.swift */,
				F1F2E9D62AB2996B0006075F /* UIColor+Extension.swift */,
				F1F2E9EC2AB36AD00006075F /* UIFont+Extension.swift */,
				F1BE9F732AB608AA00250B69 /* Date+Extension.swift */,
				F1E339072AB7660000282AF3 /* Collection+Extension.swift */,
				F14097782AB7F3BE00E92005 /* String+Extension.swift */,
			);
			path = Extensions;
			sourceTree = "<group>";
		};
		F177F8282AA82A3800C1EB32 /* LocalizedStrings */ = {
			isa = PBXGroup;
			children = (
				F1AEEB912AA995600038968E /* Localizable.strings */,
				F1AEEB932AA995AA0038968E /* LocalizedTable.swift */,
			);
			path = LocalizedStrings;
			sourceTree = "<group>";
		};
		F1AEEB662AA94EBA0038968E /* Components */ = {
			isa = PBXGroup;
			children = (
				F1F2E9B92AACE85E0006075F /* FeatureComponentView.xib */,
				F1AEEB672AA94F000038968E /* FeatureComponentView.swift */,
				F1F2958B2AACC0A800E52B92 /* RecentApplicationTableViewCell.xib */,
				F1F2958A2AACC0A800E52B92 /* RecentApplicationTableViewCell.swift */,
				F1AEEB822AA98BCF0038968E /* CircularProgressBarView.swift */,
				F1F2E9BC2AACEBD70006075F /* NoRecentApplicationTableViewCell.xib */,
				F1F2E9BB2AACEBD70006075F /* NoRecentApplicationTableViewCell.swift */,
				F1F295812AAADC6800E52B92 /* TodoEvaluationTableViewCell.xib */,
				F1F295802AAADC6800E52B92 /* TodoEvaluationTableViewCell.swift */,
				F1F295872AAAF5E700E52B92 /* NoTodoEvaluationTableViewCell.xib */,
				F1F295862AAAF5E700E52B92 /* NoTodoEvaluationTableViewCell.swift */,
				F1F2E9C02AAE6B330006075F /* FeaturesTableViewCell.xib */,
				F1F2E9BF2AAE6B330006075F /* FeaturesTableViewCell.swift */,
			);
			path = Components;
			sourceTree = "<group>";
		};
		F1AEEB6B2AA94F150038968E /* Fonts */ = {
			isa = PBXGroup;
			children = (
				F1AEEB772AA9508F0038968E /* SF-Compact-Display-Black.otf */,
				F1AEEB7B2AA950900038968E /* SF-Compact-Display-Bold.otf */,
				F1AEEB702AA9508E0038968E /* SF-Compact-Display-Heavy.otf */,
				F1AEEB712AA9508E0038968E /* SF-Compact-Display-Light.otf */,
				F1AEEB722AA9508E0038968E /* SF-Compact-Display-Medium.otf */,
				F1AEEB7D2AA950900038968E /* SF-Compact-Display-Regular.otf */,
				F1AEEB6F2AA9508E0038968E /* SF-Compact-Display-Semibold.otf */,
				F1AEEB742AA9508E0038968E /* SF-Compact-Display-Thin.otf */,
				F1AEEB792AA9508F0038968E /* SF-Compact-Display-Ultralight.otf */,
				F1AEEB732AA9508E0038968E /* SF-Compact-Rounded-Black.otf */,
				F1AEEB6C2AA9508D0038968E /* SF-Compact-Rounded-Bold.otf */,
				F1AEEB752AA9508F0038968E /* SF-Compact-Rounded-Heavy.otf */,
				F1AEEB782AA9508F0038968E /* SF-Compact-Rounded-Light.otf */,
				F1AEEB6D2AA9508D0038968E /* SF-Compact-Rounded-Medium.otf */,
				F1AEEB6E2AA9508D0038968E /* SF-Compact-Rounded-Regular.otf */,
				F1AEEB7A2AA950900038968E /* SF-Compact-Rounded-Semibold.otf */,
				F1AEEB7C2AA950900038968E /* SF-Compact-Rounded-Thin.otf */,
				F1AEEB762AA9508F0038968E /* SF-Compact-Rounded-Ultralight.otf */,
			);
			path = Fonts;
			sourceTree = "<group>";
		};
		F1BE9F6A2AB6020500250B69 /* Picker */ = {
			isa = PBXGroup;
			children = (
				F1BE9F6F2AB6029A00250B69 /* DatePickerTableViewCell.swift */,
				F1BE9F702AB6029A00250B69 /* DatePickerTableViewCell.xib */,
			);
			path = Picker;
			sourceTree = "<group>";
		};
		F1BE9F752AB6550B00250B69 /* SearchBar */ = {
			isa = PBXGroup;
			children = (
				F1BE9F762AB6552C00250B69 /* SearchBarTableViewCell.swift */,
				F1BE9F772AB6552C00250B69 /* SearchBarTableViewCell.xib */,
			);
			path = SearchBar;
			sourceTree = "<group>";
		};
		F1BE9F7A2AB66EF900250B69 /* ActionButton */ = {
			isa = PBXGroup;
			children = (
				F1BE9F7B2AB66F1700250B69 /* ActionButtonTableViewCell.swift */,
				F1BE9F7C2AB66F1700250B69 /* ActionButtonTableViewCell.xib */,
			);
			path = ActionButton;
			sourceTree = "<group>";
		};
		F1BE9F7F2AB6770000250B69 /* NewCGA */ = {
			isa = PBXGroup;
			children = (
				F1BE9F802AB677B200250B69 /* Components */,
				F1E338FF2AB6B2EE00282AF3 /* NewCGA.storyboard */,
				F1E339012AB6BD3C00282AF3 /* NewCGABuilder.swift */,
				F1E338FB2AB6A52200282AF3 /* NewCGAViewController.swift */,
				F14097722AB7D43B00E92005 /* NewCGAInteractor.swift */,
				F14097742AB7D44800E92005 /* NewCGAPresenter.swift */,
				F14097762AB7D45400E92005 /* NewCGARouter.swift */,
				F1BE9F872AB6846300250B69 /* NewCGAModels.swift */,
			);
			path = NewCGA;
			sourceTree = "<group>";
		};
		F1BE9F802AB677B200250B69 /* Components */ = {
			isa = PBXGroup;
			children = (
				F1BE9F812AB677E300250B69 /* ResumedPatientTableViewCell.swift */,
				F1BE9F822AB677E300250B69 /* ResumedPatientTableViewCell.xib */,
			);
			path = Components;
			sourceTree = "<group>";
		};
		F1E339092AB7827300282AF3 /* TitleHeader */ = {
			isa = PBXGroup;
			children = (
				F1F2E9B32AACDBD30006075F /* TitleHeaderView.xib */,
				F1F2E9B12AACDBC40006075F /* TitleHeaderView.swift */,
			);
			path = TitleHeader;
			sourceTree = "<group>";
		};
		F1F2E9D22AB2989D0006075F /* TabBar */ = {
			isa = PBXGroup;
			children = (
				F1F2E9C62AB273D80006075F /* TabBarViewController.swift */,
				F1F2E9CA2AB275420006075F /* TabBarBuilder.swift */,
				F1F2E9CC2AB275A90006075F /* TabBarRouter.swift */,
			);
			path = TabBar;
			sourceTree = "<group>";
		};
		F1F2E9D32AB298C10006075F /* Navigation */ = {
			isa = PBXGroup;
			children = (
				F1F2E9D42AB298CC0006075F /* NavigationBuilder.swift */,
			);
			path = Navigation;
			sourceTree = "<group>";
		};
		F1F2E9D82AB341F20006075F /* Common */ = {
			isa = PBXGroup;
			children = (
				F140977A2ABB615900E92005 /* Tooltip */,
				F14097652AB7A3B000E92005 /* TitleCell */,
				F1E339092AB7827300282AF3 /* TitleHeader */,
				F1BE9F7A2AB66EF900250B69 /* ActionButton */,
				F1BE9F752AB6550B00250B69 /* SearchBar */,
				F1BE9F6A2AB6020500250B69 /* Picker */,
				F1F2E9F02AB557400006075F /* TextField */,
				F1F2E9E72AB36A020006075F /* Selectable */,
			);
			path = Common;
			sourceTree = "<group>";
		};
		F1F2E9E72AB36A020006075F /* Selectable */ = {
			isa = PBXGroup;
			children = (
				F1F2E9D92AB342400006075F /* SelectableView.xib */,
				F1F2E9DD2AB355130006075F /* SelectableView.swift */,
				F1F2E9E32AB35E570006075F /* SelectableModels.swift */,
				F1F2E9E82AB36A540006075F /* SelectableTableViewCell.swift */,
				F1F2E9E92AB36A540006075F /* SelectableTableViewCell.xib */,
			);
			path = Selectable;
			sourceTree = "<group>";
		};
		F1F2E9F02AB557400006075F /* TextField */ = {
			isa = PBXGroup;
			children = (
				F1F2E9F12AB5578A0006075F /* TextFieldTableViewCell.swift */,
				F1F2E9F22AB5578A0006075F /* TextFieldTableViewCell.xib */,
			);
			path = TextField;
			sourceTree = "<group>";
		};
/* End PBXGroup section */

/* Begin PBXNativeTarget section */
		F177F7E82AA793BE00C1EB32 /* CGAssessment */ = {
			isa = PBXNativeTarget;
			buildConfigurationList = F177F8162AA793C000C1EB32 /* Build configuration list for PBXNativeTarget "CGAssessment" */;
			buildPhases = (
				F177F7E52AA793BE00C1EB32 /* Sources */,
				F177F7E62AA793BE00C1EB32 /* Frameworks */,
				F177F7E72AA793BE00C1EB32 /* Resources */,
				F1AEEB972AA99A3A0038968E /* SwiftLint */,
				F1AEEB982AA99B550038968E /* LocalizedStrings */,
			);
			buildRules = (
			);
			dependencies = (
			);
			name = CGAssessment;
			packageProductDependencies = (
				F1F2E9F62AB567A00006075F /* IQKeyboardManagerSwift */,
			);
			productName = CGAssessment;
			productReference = F177F7E92AA793BE00C1EB32 /* CGAssessment.app */;
			productType = "com.apple.product-type.application";
		};
		F177F8012AA793C000C1EB32 /* CGAssessmentTests */ = {
			isa = PBXNativeTarget;
			buildConfigurationList = F177F8192AA793C000C1EB32 /* Build configuration list for PBXNativeTarget "CGAssessmentTests" */;
			buildPhases = (
				F177F7FE2AA793C000C1EB32 /* Sources */,
				F177F7FF2AA793C000C1EB32 /* Frameworks */,
				F177F8002AA793C000C1EB32 /* Resources */,
			);
			buildRules = (
			);
			dependencies = (
				F177F8042AA793C000C1EB32 /* PBXTargetDependency */,
			);
			name = CGAssessmentTests;
			productName = CGAssessmentTests;
			productReference = F177F8022AA793C000C1EB32 /* CGAssessmentTests.xctest */;
			productType = "com.apple.product-type.bundle.unit-test";
		};
		F177F80B2AA793C000C1EB32 /* CGAssessmentUITests */ = {
			isa = PBXNativeTarget;
			buildConfigurationList = F177F81C2AA793C000C1EB32 /* Build configuration list for PBXNativeTarget "CGAssessmentUITests" */;
			buildPhases = (
				F177F8082AA793C000C1EB32 /* Sources */,
				F177F8092AA793C000C1EB32 /* Frameworks */,
				F177F80A2AA793C000C1EB32 /* Resources */,
			);
			buildRules = (
			);
			dependencies = (
				F177F80E2AA793C000C1EB32 /* PBXTargetDependency */,
			);
			name = CGAssessmentUITests;
			productName = CGAssessmentUITests;
			productReference = F177F80C2AA793C000C1EB32 /* CGAssessmentUITests.xctest */;
			productType = "com.apple.product-type.bundle.ui-testing";
		};
/* End PBXNativeTarget section */

/* Begin PBXProject section */
		F177F7E12AA793BE00C1EB32 /* Project object */ = {
			isa = PBXProject;
			attributes = {
				BuildIndependentTargetsInParallel = 1;
				LastSwiftUpdateCheck = 1420;
				LastUpgradeCheck = 1420;
				TargetAttributes = {
					F177F7E82AA793BE00C1EB32 = {
						CreatedOnToolsVersion = 14.2;
					};
					F177F8012AA793C000C1EB32 = {
						CreatedOnToolsVersion = 14.2;
						TestTargetID = F177F7E82AA793BE00C1EB32;
					};
					F177F80B2AA793C000C1EB32 = {
						CreatedOnToolsVersion = 14.2;
						TestTargetID = F177F7E82AA793BE00C1EB32;
					};
				};
			};
			buildConfigurationList = F177F7E42AA793BE00C1EB32 /* Build configuration list for PBXProject "CGAssessment" */;
			compatibilityVersion = "Xcode 14.0";
			developmentRegion = en;
			hasScannedForEncodings = 0;
			knownRegions = (
				en,
				Base,
				"pt-BR",
			);
			mainGroup = F177F7E02AA793BE00C1EB32;
			packageReferences = (
				F1F2E9F52AB567A00006075F /* XCRemoteSwiftPackageReference "IQKeyboardManager" */,
			);
			productRefGroup = F177F7EA2AA793BE00C1EB32 /* Products */;
			projectDirPath = "";
			projectRoot = "";
			targets = (
				F177F7E82AA793BE00C1EB32 /* CGAssessment */,
				F177F8012AA793C000C1EB32 /* CGAssessmentTests */,
				F177F80B2AA793C000C1EB32 /* CGAssessmentUITests */,
			);
		};
/* End PBXProject section */

/* Begin PBXResourcesBuildPhase section */
		F177F7E72AA793BE00C1EB32 /* Resources */ = {
			isa = PBXResourcesBuildPhase;
			buildActionMask = 2147483647;
			files = (
				F1A9FBD62AAA60170048E31F /* SF-Compact-Rounded-Heavy.otf in Resources */,
				F1BE9F7E2AB66F1700250B69 /* ActionButtonTableViewCell.xib in Resources */,
				F1A9FBD42AAA60170048E31F /* SF-Compact-Display-Regular.otf in Resources */,
				F1A9FBD82AAA60170048E31F /* SF-Compact-Display-Medium.otf in Resources */,
				F1E339002AB6B2EE00282AF3 /* NewCGA.storyboard in Resources */,
				F1F2958D2AACC0A800E52B92 /* RecentApplicationTableViewCell.xib in Resources */,
				F1A9FBDB2AAA60170048E31F /* SF-Compact-Rounded-Thin.otf in Resources */,
				F140979B2ABBE7CD00E92005 /* TooltipHeaderView.xib in Resources */,
				F1BE9F792AB6552C00250B69 /* SearchBarTableViewCell.xib in Resources */,
				F1A9FBDA2AAA60170048E31F /* SF-Compact-Rounded-Light.otf in Resources */,
				F1A9FBD22AAA60170048E31F /* SF-Compact-Rounded-Black.otf in Resources */,
				F1A9FBD32AAA60170048E31F /* SF-Compact-Display-Ultralight.otf in Resources */,
				F1F2E9C22AAE6B330006075F /* FeaturesTableViewCell.xib in Resources */,
				F177F7FC2AA793C000C1EB32 /* LaunchScreen.storyboard in Resources */,
				F1F2E9BA2AACE85E0006075F /* FeatureComponentView.xib in Resources */,
				F1A9FBE22AAA60170048E31F /* SF-Compact-Rounded-Ultralight.otf in Resources */,
				F1A9FBDD2AAA60170048E31F /* SF-Compact-Display-Light.otf in Resources */,
				F1BE9F722AB6029A00250B69 /* DatePickerTableViewCell.xib in Resources */,
				F1AEEB8F2AA995600038968E /* Localizable.strings in Resources */,
				F1A9FBD92AAA60170048E31F /* SF-Compact-Display-Heavy.otf in Resources */,
				F1A9FBDE2AAA60170048E31F /* SF-Compact-Rounded-Bold.otf in Resources */,
				F14097862ABB9C9C00E92005 /* TestNameView.xib in Resources */,
				F1A9FBE02AAA60170048E31F /* SF-Compact-Display-Bold.otf in Resources */,
				F1A9FBDF2AAA60170048E31F /* SF-Compact-Display-Black.otf in Resources */,
				F1F2E9EB2AB36A540006075F /* SelectableTableViewCell.xib in Resources */,
				F140978D2ABBC51500E92005 /* CGADomains.storyboard in Resources */,
				F1A9FBD12AAA60170048E31F /* SF-Compact-Display-Semibold.otf in Resources */,
				F1A9FBE12AAA60170048E31F /* SF-Compact-Rounded-Medium.otf in Resources */,
				F140977E2ABB616C00E92005 /* TooltipTableViewCell.xib in Resources */,
				F1BE9F842AB677E300250B69 /* ResumedPatientTableViewCell.xib in Resources */,
				F1A9FBD72AAA60170048E31F /* SF-Compact-Rounded-Regular.otf in Resources */,
				F1F295832AAADC6800E52B92 /* TodoEvaluationTableViewCell.xib in Resources */,
				F1F2E9F42AB5578A0006075F /* TextFieldTableViewCell.xib in Resources */,
				F1F2E9DA2AB342400006075F /* SelectableView.xib in Resources */,
				F14097692AB7A3C100E92005 /* TitleTableViewCell.xib in Resources */,
				F1F2E9B42AACDBD30006075F /* TitleHeaderView.xib in Resources */,
				F14097842ABB965B00E92005 /* CGADomainTableViewCell.xib in Resources */,
				F1A9FBDC2AAA60170048E31F /* SF-Compact-Display-Thin.otf in Resources */,
				F1F2E9BE2AACEBD70006075F /* NoRecentApplicationTableViewCell.xib in Resources */,
				F177F7F92AA793C000C1EB32 /* Assets.xcassets in Resources */,
				F1F295892AAAF5E700E52B92 /* NoTodoEvaluationTableViewCell.xib in Resources */,
				F177F7F42AA793BE00C1EB32 /* Dashboard.storyboard in Resources */,
				F1A9FBD52AAA60170048E31F /* SF-Compact-Rounded-Semibold.otf in Resources */,
			);
			runOnlyForDeploymentPostprocessing = 0;
		};
		F177F8002AA793C000C1EB32 /* Resources */ = {
			isa = PBXResourcesBuildPhase;
			buildActionMask = 2147483647;
			files = (
			);
			runOnlyForDeploymentPostprocessing = 0;
		};
		F177F80A2AA793C000C1EB32 /* Resources */ = {
			isa = PBXResourcesBuildPhase;
			buildActionMask = 2147483647;
			files = (
			);
			runOnlyForDeploymentPostprocessing = 0;
		};
/* End PBXResourcesBuildPhase section */

/* Begin PBXShellScriptBuildPhase section */
		F1AEEB972AA99A3A0038968E /* SwiftLint */ = {
			isa = PBXShellScriptBuildPhase;
			alwaysOutOfDate = 1;
			buildActionMask = 2147483647;
			files = (
			);
			inputFileListPaths = (
			);
			inputPaths = (
			);
			name = SwiftLint;
			outputFileListPaths = (
			);
			outputPaths = (
			);
			runOnlyForDeploymentPostprocessing = 0;
			shellPath = /bin/sh;
			shellScript = "if command -v swiftlint &> /dev/null; then\n    swiftlint lint --fix --format\n    swiftlint\nelse\n    export PATH=\"$PATH:/opt/homebrew/bin\"\n    if command -v swiftlint &> /dev/null; then\n        swiftlint lint --fix --format\n        swiftlint\n    else\n        echo \"ERROR: You should install SwiftLint to build this project, download it from https://github.com/realm/SwiftLint\"\n    fi\nfi\n";
		};
		F1AEEB982AA99B550038968E /* LocalizedStrings */ = {
			isa = PBXShellScriptBuildPhase;
			alwaysOutOfDate = 1;
			buildActionMask = 2147483647;
			files = (
			);
			inputFileListPaths = (
			);
			inputPaths = (
			);
			name = LocalizedStrings;
			outputFileListPaths = (
			);
			outputPaths = (
			);
			runOnlyForDeploymentPostprocessing = 0;
			shellPath = /bin/sh;
			shellScript = "# Type a script or drag a script file from your workspace to insert its path.\npython3 validateLocalizableStrings.py\n";
		};
/* End PBXShellScriptBuildPhase section */

/* Begin PBXSourcesBuildPhase section */
		F177F7E52AA793BE00C1EB32 /* Sources */ = {
			isa = PBXSourcesBuildPhase;
			buildActionMask = 2147483647;
			files = (
				F14097952ABBC55700E92005 /* CGADomainsRouter.swift in Sources */,
				F14097682AB7A3C100E92005 /* TitleTableViewCell.swift in Sources */,
				F1F2E9CD2AB275A90006075F /* TabBarRouter.swift in Sources */,
				F1E339082AB7660000282AF3 /* Collection+Extension.swift in Sources */,
				F1F2E9C12AAE6B330006075F /* FeaturesTableViewCell.swift in Sources */,
				F1F2E9BD2AACEBD70006075F /* NoRecentApplicationTableViewCell.swift in Sources */,
				F1F295822AAADC6800E52B92 /* TodoEvaluationTableViewCell.swift in Sources */,
				F140977D2ABB616C00E92005 /* TooltipTableViewCell.swift in Sources */,
				F1AEEB832AA98BCF0038968E /* CircularProgressBarView.swift in Sources */,
				F140976B2AB7B17700E92005 /* DashboardInteractor.swift in Sources */,
				F1F2E9B62AACE0B70006075F /* UIView+Extension.swift in Sources */,
				F14097912ABBC53000E92005 /* CGADomainsInteractor.swift in Sources */,
				F140976F2AB7B26500E92005 /* DashboardPresenter.swift in Sources */,
				F1F295882AAAF5E700E52B92 /* NoTodoEvaluationTableViewCell.swift in Sources */,
				F1BE9F782AB6552C00250B69 /* SearchBarTableViewCell.swift in Sources */,
				F1F2E9EA2AB36A540006075F /* SelectableTableViewCell.swift in Sources */,
				F1F2E9D72AB2996B0006075F /* UIColor+Extension.swift in Sources */,
				F140978B2ABBAF8700E92005 /* CGADomainsModels.swift in Sources */,
				F1F2E9CF2AB2794F0006075F /* UIImage+Extension.swift in Sources */,
				F1F2E9B82AACE3890006075F /* UITableView+Extension.swift in Sources */,
				F14097792AB7F3BE00E92005 /* String+Extension.swift in Sources */,
				F177F7F72AA793BE00C1EB32 /* CGAssessment.xcdatamodeld in Sources */,
				F177F7F12AA793BE00C1EB32 /* DashboardViewController.swift in Sources */,
				F1AEEB692AA94F000038968E /* FeatureComponentView.swift in Sources */,
				F1F2E9EF2AB39F5A0006075F /* CGAModels.swift in Sources */,
				F1F2E9CB2AB275420006075F /* TabBarBuilder.swift in Sources */,
				F14097712AB7B26E00E92005 /* DashboardRouter.swift in Sources */,
				F140978F2ABBC52300E92005 /* CGADomainsViewController.swift in Sources */,
				F1F2E9D12AB28BFC0006075F /* DashboardBuilder.swift in Sources */,
				F1E338FD2AB6A52200282AF3 /* NewCGAViewController.swift in Sources */,
				F177F7ED2AA793BE00C1EB32 /* AppDelegate.swift in Sources */,
				F1F2E9ED2AB36AD00006075F /* UIFont+Extension.swift in Sources */,
				F1F2E9F32AB5578A0006075F /* TextFieldTableViewCell.swift in Sources */,
				F14097932ABBC53C00E92005 /* CGADomainsPresenter.swift in Sources */,
				F1F2E9D52AB298CC0006075F /* NavigationBuilder.swift in Sources */,
				F1BE9F882AB6846300250B69 /* NewCGAModels.swift in Sources */,
				F14097882ABBA24600E92005 /* TestNameView.swift in Sources */,
				F14097832ABB965B00E92005 /* CGADomainTableViewCell.swift in Sources */,
				F1F2E9C72AB273D80006075F /* TabBarViewController.swift in Sources */,
				F1BE9F742AB608AA00250B69 /* Date+Extension.swift in Sources */,
				F14097752AB7D44800E92005 /* NewCGAPresenter.swift in Sources */,
				F1BE9F712AB6029A00250B69 /* DatePickerTableViewCell.swift in Sources */,
				F1F2E9E02AB355C90006075F /* SelectableKeys.swift in Sources */,
				F1F2E9DE2AB355130006075F /* SelectableView.swift in Sources */,
				F14097732AB7D43B00E92005 /* NewCGAInteractor.swift in Sources */,
				F1F2E9B22AACDBC40006075F /* TitleHeaderView.swift in Sources */,
				F14097772AB7D45400E92005 /* NewCGARouter.swift in Sources */,
				F1F295852AAAF3E700E52B92 /* NSAttributedString+Extension.swift in Sources */,
				F1AEEB942AA995AA0038968E /* LocalizedTable.swift in Sources */,
				F1E339022AB6BD3C00282AF3 /* NewCGABuilder.swift in Sources */,
				F1F2E9E42AB35E570006075F /* SelectableModels.swift in Sources */,
				F14097992ABBE7A200E92005 /* TooltipHeaderView.swift in Sources */,
				F1BE9F832AB677E300250B69 /* ResumedPatientTableViewCell.swift in Sources */,
				F140976D2AB7B20500E92005 /* DashboardModels.swift in Sources */,
				F1BE9F7D2AB66F1700250B69 /* ActionButtonTableViewCell.swift in Sources */,
				F177F7EF2AA793BE00C1EB32 /* SceneDelegate.swift in Sources */,
				F1F2958C2AACC0A800E52B92 /* RecentApplicationTableViewCell.swift in Sources */,
			);
			runOnlyForDeploymentPostprocessing = 0;
		};
		F177F7FE2AA793C000C1EB32 /* Sources */ = {
			isa = PBXSourcesBuildPhase;
			buildActionMask = 2147483647;
			files = (
				F177F8072AA793C000C1EB32 /* CGAssessmentTests.swift in Sources */,
			);
			runOnlyForDeploymentPostprocessing = 0;
		};
		F177F8082AA793C000C1EB32 /* Sources */ = {
			isa = PBXSourcesBuildPhase;
			buildActionMask = 2147483647;
			files = (
				F177F8112AA793C000C1EB32 /* CGAssessmentUITests.swift in Sources */,
				F177F8132AA793C000C1EB32 /* CGAssessmentUITestsLaunchTests.swift in Sources */,
			);
			runOnlyForDeploymentPostprocessing = 0;
		};
/* End PBXSourcesBuildPhase section */

/* Begin PBXTargetDependency section */
		F177F8042AA793C000C1EB32 /* PBXTargetDependency */ = {
			isa = PBXTargetDependency;
			target = F177F7E82AA793BE00C1EB32 /* CGAssessment */;
			targetProxy = F177F8032AA793C000C1EB32 /* PBXContainerItemProxy */;
		};
		F177F80E2AA793C000C1EB32 /* PBXTargetDependency */ = {
			isa = PBXTargetDependency;
			target = F177F7E82AA793BE00C1EB32 /* CGAssessment */;
			targetProxy = F177F80D2AA793C000C1EB32 /* PBXContainerItemProxy */;
		};
/* End PBXTargetDependency section */

/* Begin PBXVariantGroup section */
		F177F7F22AA793BE00C1EB32 /* Dashboard.storyboard */ = {
			isa = PBXVariantGroup;
			children = (
				F177F7F32AA793BE00C1EB32 /* Base */,
				F1AEEB8D2AA995550038968E /* pt-BR */,
			);
			name = Dashboard.storyboard;
			sourceTree = "<group>";
		};
		F177F7FA2AA793C000C1EB32 /* LaunchScreen.storyboard */ = {
			isa = PBXVariantGroup;
			children = (
				F177F7FB2AA793C000C1EB32 /* Base */,
				F1AEEB8E2AA995550038968E /* pt-BR */,
			);
			name = LaunchScreen.storyboard;
			sourceTree = "<group>";
		};
		F1AEEB912AA995600038968E /* Localizable.strings */ = {
			isa = PBXVariantGroup;
			children = (
				F1AEEB902AA995600038968E /* pt-BR */,
				F1AEEB922AA9956E0038968E /* en */,
			);
			name = Localizable.strings;
			sourceTree = "<group>";
		};
/* End PBXVariantGroup section */

/* Begin XCBuildConfiguration section */
		F177F8142AA793C000C1EB32 /* Debug */ = {
			isa = XCBuildConfiguration;
			buildSettings = {
				ALWAYS_SEARCH_USER_PATHS = NO;
				CLANG_ANALYZER_LOCALIZABILITY_NONLOCALIZED = YES;
				CLANG_ANALYZER_NONNULL = YES;
				CLANG_ANALYZER_NUMBER_OBJECT_CONVERSION = YES_AGGRESSIVE;
				CLANG_CXX_LANGUAGE_STANDARD = "gnu++20";
				CLANG_ENABLE_MODULES = YES;
				CLANG_ENABLE_OBJC_ARC = YES;
				CLANG_ENABLE_OBJC_WEAK = YES;
				CLANG_WARN_BLOCK_CAPTURE_AUTORELEASING = YES;
				CLANG_WARN_BOOL_CONVERSION = YES;
				CLANG_WARN_COMMA = YES;
				CLANG_WARN_CONSTANT_CONVERSION = YES;
				CLANG_WARN_DEPRECATED_OBJC_IMPLEMENTATIONS = YES;
				CLANG_WARN_DIRECT_OBJC_ISA_USAGE = YES_ERROR;
				CLANG_WARN_DOCUMENTATION_COMMENTS = YES;
				CLANG_WARN_EMPTY_BODY = YES;
				CLANG_WARN_ENUM_CONVERSION = YES;
				CLANG_WARN_INFINITE_RECURSION = YES;
				CLANG_WARN_INT_CONVERSION = YES;
				CLANG_WARN_NON_LITERAL_NULL_CONVERSION = YES;
				CLANG_WARN_OBJC_IMPLICIT_RETAIN_SELF = YES;
				CLANG_WARN_OBJC_LITERAL_CONVERSION = YES;
				CLANG_WARN_OBJC_ROOT_CLASS = YES_ERROR;
				CLANG_WARN_QUOTED_INCLUDE_IN_FRAMEWORK_HEADER = YES;
				CLANG_WARN_RANGE_LOOP_ANALYSIS = YES;
				CLANG_WARN_STRICT_PROTOTYPES = YES;
				CLANG_WARN_SUSPICIOUS_MOVE = YES;
				CLANG_WARN_UNGUARDED_AVAILABILITY = YES_AGGRESSIVE;
				CLANG_WARN_UNREACHABLE_CODE = YES;
				CLANG_WARN__DUPLICATE_METHOD_MATCH = YES;
				COPY_PHASE_STRIP = NO;
				DEBUG_INFORMATION_FORMAT = dwarf;
				ENABLE_STRICT_OBJC_MSGSEND = YES;
				ENABLE_TESTABILITY = YES;
				GCC_C_LANGUAGE_STANDARD = gnu11;
				GCC_DYNAMIC_NO_PIC = NO;
				GCC_NO_COMMON_BLOCKS = YES;
				GCC_OPTIMIZATION_LEVEL = 0;
				GCC_PREPROCESSOR_DEFINITIONS = (
					"DEBUG=1",
					"$(inherited)",
				);
				GCC_WARN_64_TO_32_BIT_CONVERSION = YES;
				GCC_WARN_ABOUT_RETURN_TYPE = YES_ERROR;
				GCC_WARN_UNDECLARED_SELECTOR = YES;
				GCC_WARN_UNINITIALIZED_AUTOS = YES_AGGRESSIVE;
				GCC_WARN_UNUSED_FUNCTION = YES;
				GCC_WARN_UNUSED_VARIABLE = YES;
				IPHONEOS_DEPLOYMENT_TARGET = 15.0;
				MTL_ENABLE_DEBUG_INFO = INCLUDE_SOURCE;
				MTL_FAST_MATH = YES;
				ONLY_ACTIVE_ARCH = YES;
				SDKROOT = iphoneos;
				SWIFT_ACTIVE_COMPILATION_CONDITIONS = DEBUG;
				SWIFT_OPTIMIZATION_LEVEL = "-Onone";
			};
			name = Debug;
		};
		F177F8152AA793C000C1EB32 /* Release */ = {
			isa = XCBuildConfiguration;
			buildSettings = {
				ALWAYS_SEARCH_USER_PATHS = NO;
				CLANG_ANALYZER_LOCALIZABILITY_NONLOCALIZED = YES;
				CLANG_ANALYZER_NONNULL = YES;
				CLANG_ANALYZER_NUMBER_OBJECT_CONVERSION = YES_AGGRESSIVE;
				CLANG_CXX_LANGUAGE_STANDARD = "gnu++20";
				CLANG_ENABLE_MODULES = YES;
				CLANG_ENABLE_OBJC_ARC = YES;
				CLANG_ENABLE_OBJC_WEAK = YES;
				CLANG_WARN_BLOCK_CAPTURE_AUTORELEASING = YES;
				CLANG_WARN_BOOL_CONVERSION = YES;
				CLANG_WARN_COMMA = YES;
				CLANG_WARN_CONSTANT_CONVERSION = YES;
				CLANG_WARN_DEPRECATED_OBJC_IMPLEMENTATIONS = YES;
				CLANG_WARN_DIRECT_OBJC_ISA_USAGE = YES_ERROR;
				CLANG_WARN_DOCUMENTATION_COMMENTS = YES;
				CLANG_WARN_EMPTY_BODY = YES;
				CLANG_WARN_ENUM_CONVERSION = YES;
				CLANG_WARN_INFINITE_RECURSION = YES;
				CLANG_WARN_INT_CONVERSION = YES;
				CLANG_WARN_NON_LITERAL_NULL_CONVERSION = YES;
				CLANG_WARN_OBJC_IMPLICIT_RETAIN_SELF = YES;
				CLANG_WARN_OBJC_LITERAL_CONVERSION = YES;
				CLANG_WARN_OBJC_ROOT_CLASS = YES_ERROR;
				CLANG_WARN_QUOTED_INCLUDE_IN_FRAMEWORK_HEADER = YES;
				CLANG_WARN_RANGE_LOOP_ANALYSIS = YES;
				CLANG_WARN_STRICT_PROTOTYPES = YES;
				CLANG_WARN_SUSPICIOUS_MOVE = YES;
				CLANG_WARN_UNGUARDED_AVAILABILITY = YES_AGGRESSIVE;
				CLANG_WARN_UNREACHABLE_CODE = YES;
				CLANG_WARN__DUPLICATE_METHOD_MATCH = YES;
				COPY_PHASE_STRIP = NO;
				DEBUG_INFORMATION_FORMAT = "dwarf-with-dsym";
				ENABLE_NS_ASSERTIONS = NO;
				ENABLE_STRICT_OBJC_MSGSEND = YES;
				GCC_C_LANGUAGE_STANDARD = gnu11;
				GCC_NO_COMMON_BLOCKS = YES;
				GCC_WARN_64_TO_32_BIT_CONVERSION = YES;
				GCC_WARN_ABOUT_RETURN_TYPE = YES_ERROR;
				GCC_WARN_UNDECLARED_SELECTOR = YES;
				GCC_WARN_UNINITIALIZED_AUTOS = YES_AGGRESSIVE;
				GCC_WARN_UNUSED_FUNCTION = YES;
				GCC_WARN_UNUSED_VARIABLE = YES;
				IPHONEOS_DEPLOYMENT_TARGET = 15.0;
				MTL_ENABLE_DEBUG_INFO = NO;
				MTL_FAST_MATH = YES;
				SDKROOT = iphoneos;
				SWIFT_COMPILATION_MODE = wholemodule;
				SWIFT_OPTIMIZATION_LEVEL = "-O";
				VALIDATE_PRODUCT = YES;
			};
			name = Release;
		};
		F177F8172AA793C000C1EB32 /* Debug */ = {
			isa = XCBuildConfiguration;
			buildSettings = {
				ASSETCATALOG_COMPILER_APPICON_NAME = AppIcon;
				ASSETCATALOG_COMPILER_GLOBAL_ACCENT_COLOR_NAME = AccentColor;
				CODE_SIGN_STYLE = Automatic;
				CURRENT_PROJECT_VERSION = 1;
				DEVELOPMENT_TEAM = TA9GQL43ZA;
				GENERATE_INFOPLIST_FILE = YES;
				INFOPLIST_FILE = CGAssessment/Resources/Info.plist;
				INFOPLIST_KEY_LSApplicationCategoryType = "public.app-category.medical";
				INFOPLIST_KEY_UIApplicationSupportsIndirectInputEvents = YES;
				INFOPLIST_KEY_UILaunchStoryboardName = LaunchScreen;
				INFOPLIST_KEY_UIMainStoryboardFile = "";
				INFOPLIST_KEY_UISupportedInterfaceOrientations = UIInterfaceOrientationPortrait;
				INFOPLIST_KEY_UISupportedInterfaceOrientations_iPad = "UIInterfaceOrientationLandscapeLeft UIInterfaceOrientationLandscapeRight UIInterfaceOrientationPortrait UIInterfaceOrientationPortraitUpsideDown";
				IPHONEOS_DEPLOYMENT_TARGET = 15.0;
				LD_RUNPATH_SEARCH_PATHS = (
					"$(inherited)",
					"@executable_path/Frameworks",
				);
				MARKETING_VERSION = 1.0;
				PRODUCT_BUNDLE_IDENTIFIER = br.com.portogeriatrico.CGAssessment;
				PRODUCT_NAME = "$(TARGET_NAME)";
				SUPPORTED_PLATFORMS = "iphoneos iphonesimulator";
				SUPPORTS_MACCATALYST = NO;
				SUPPORTS_MAC_DESIGNED_FOR_IPHONE_IPAD = YES;
				SWIFT_EMIT_LOC_STRINGS = YES;
				SWIFT_VERSION = 5.0;
				TARGETED_DEVICE_FAMILY = 1;
			};
			name = Debug;
		};
		F177F8182AA793C000C1EB32 /* Release */ = {
			isa = XCBuildConfiguration;
			buildSettings = {
				ASSETCATALOG_COMPILER_APPICON_NAME = AppIcon;
				ASSETCATALOG_COMPILER_GLOBAL_ACCENT_COLOR_NAME = AccentColor;
				CODE_SIGN_STYLE = Automatic;
				CURRENT_PROJECT_VERSION = 1;
				DEVELOPMENT_TEAM = TA9GQL43ZA;
				GENERATE_INFOPLIST_FILE = YES;
				INFOPLIST_FILE = CGAssessment/Resources/Info.plist;
				INFOPLIST_KEY_LSApplicationCategoryType = "public.app-category.medical";
				INFOPLIST_KEY_UIApplicationSupportsIndirectInputEvents = YES;
				INFOPLIST_KEY_UILaunchStoryboardName = LaunchScreen;
				INFOPLIST_KEY_UIMainStoryboardFile = "";
				INFOPLIST_KEY_UISupportedInterfaceOrientations = UIInterfaceOrientationPortrait;
				INFOPLIST_KEY_UISupportedInterfaceOrientations_iPad = "UIInterfaceOrientationLandscapeLeft UIInterfaceOrientationLandscapeRight UIInterfaceOrientationPortrait UIInterfaceOrientationPortraitUpsideDown";
				IPHONEOS_DEPLOYMENT_TARGET = 15.0;
				LD_RUNPATH_SEARCH_PATHS = (
					"$(inherited)",
					"@executable_path/Frameworks",
				);
				MARKETING_VERSION = 1.0;
				PRODUCT_BUNDLE_IDENTIFIER = br.com.portogeriatrico.CGAssessment;
				PRODUCT_NAME = "$(TARGET_NAME)";
				SUPPORTED_PLATFORMS = "iphoneos iphonesimulator";
				SUPPORTS_MACCATALYST = NO;
				SUPPORTS_MAC_DESIGNED_FOR_IPHONE_IPAD = YES;
				SWIFT_EMIT_LOC_STRINGS = YES;
				SWIFT_VERSION = 5.0;
				TARGETED_DEVICE_FAMILY = 1;
			};
			name = Release;
		};
		F177F81A2AA793C000C1EB32 /* Debug */ = {
			isa = XCBuildConfiguration;
			buildSettings = {
				ALWAYS_EMBED_SWIFT_STANDARD_LIBRARIES = YES;
				BUNDLE_LOADER = "$(TEST_HOST)";
				CODE_SIGN_STYLE = Automatic;
				CURRENT_PROJECT_VERSION = 1;
				DEVELOPMENT_TEAM = TA9GQL43ZA;
				GENERATE_INFOPLIST_FILE = YES;
				IPHONEOS_DEPLOYMENT_TARGET = 16.2;
				MARKETING_VERSION = 1.0;
				PRODUCT_BUNDLE_IDENTIFIER = br.com.portogeriatrico.CGAssessmentTests;
				PRODUCT_NAME = "$(TARGET_NAME)";
				SWIFT_EMIT_LOC_STRINGS = NO;
				SWIFT_VERSION = 5.0;
				TARGETED_DEVICE_FAMILY = "1,2";
				TEST_HOST = "$(BUILT_PRODUCTS_DIR)/CGAssessment.app/$(BUNDLE_EXECUTABLE_FOLDER_PATH)/CGAssessment";
			};
			name = Debug;
		};
		F177F81B2AA793C000C1EB32 /* Release */ = {
			isa = XCBuildConfiguration;
			buildSettings = {
				ALWAYS_EMBED_SWIFT_STANDARD_LIBRARIES = YES;
				BUNDLE_LOADER = "$(TEST_HOST)";
				CODE_SIGN_STYLE = Automatic;
				CURRENT_PROJECT_VERSION = 1;
				DEVELOPMENT_TEAM = TA9GQL43ZA;
				GENERATE_INFOPLIST_FILE = YES;
				IPHONEOS_DEPLOYMENT_TARGET = 16.2;
				MARKETING_VERSION = 1.0;
				PRODUCT_BUNDLE_IDENTIFIER = br.com.portogeriatrico.CGAssessmentTests;
				PRODUCT_NAME = "$(TARGET_NAME)";
				SWIFT_EMIT_LOC_STRINGS = NO;
				SWIFT_VERSION = 5.0;
				TARGETED_DEVICE_FAMILY = "1,2";
				TEST_HOST = "$(BUILT_PRODUCTS_DIR)/CGAssessment.app/$(BUNDLE_EXECUTABLE_FOLDER_PATH)/CGAssessment";
			};
			name = Release;
		};
		F177F81D2AA793C000C1EB32 /* Debug */ = {
			isa = XCBuildConfiguration;
			buildSettings = {
				ALWAYS_EMBED_SWIFT_STANDARD_LIBRARIES = YES;
				CODE_SIGN_STYLE = Automatic;
				CURRENT_PROJECT_VERSION = 1;
				DEVELOPMENT_TEAM = TA9GQL43ZA;
				GENERATE_INFOPLIST_FILE = YES;
				MARKETING_VERSION = 1.0;
				PRODUCT_BUNDLE_IDENTIFIER = br.com.portogeriatrico.CGAssessmentUITests;
				PRODUCT_NAME = "$(TARGET_NAME)";
				SWIFT_EMIT_LOC_STRINGS = NO;
				SWIFT_VERSION = 5.0;
				TARGETED_DEVICE_FAMILY = "1,2";
				TEST_TARGET_NAME = CGAssessment;
			};
			name = Debug;
		};
		F177F81E2AA793C000C1EB32 /* Release */ = {
			isa = XCBuildConfiguration;
			buildSettings = {
				ALWAYS_EMBED_SWIFT_STANDARD_LIBRARIES = YES;
				CODE_SIGN_STYLE = Automatic;
				CURRENT_PROJECT_VERSION = 1;
				DEVELOPMENT_TEAM = TA9GQL43ZA;
				GENERATE_INFOPLIST_FILE = YES;
				MARKETING_VERSION = 1.0;
				PRODUCT_BUNDLE_IDENTIFIER = br.com.portogeriatrico.CGAssessmentUITests;
				PRODUCT_NAME = "$(TARGET_NAME)";
				SWIFT_EMIT_LOC_STRINGS = NO;
				SWIFT_VERSION = 5.0;
				TARGETED_DEVICE_FAMILY = "1,2";
				TEST_TARGET_NAME = CGAssessment;
			};
			name = Release;
		};
/* End XCBuildConfiguration section */

/* Begin XCConfigurationList section */
		F177F7E42AA793BE00C1EB32 /* Build configuration list for PBXProject "CGAssessment" */ = {
			isa = XCConfigurationList;
			buildConfigurations = (
				F177F8142AA793C000C1EB32 /* Debug */,
				F177F8152AA793C000C1EB32 /* Release */,
			);
			defaultConfigurationIsVisible = 0;
			defaultConfigurationName = Release;
		};
		F177F8162AA793C000C1EB32 /* Build configuration list for PBXNativeTarget "CGAssessment" */ = {
			isa = XCConfigurationList;
			buildConfigurations = (
				F177F8172AA793C000C1EB32 /* Debug */,
				F177F8182AA793C000C1EB32 /* Release */,
			);
			defaultConfigurationIsVisible = 0;
			defaultConfigurationName = Release;
		};
		F177F8192AA793C000C1EB32 /* Build configuration list for PBXNativeTarget "CGAssessmentTests" */ = {
			isa = XCConfigurationList;
			buildConfigurations = (
				F177F81A2AA793C000C1EB32 /* Debug */,
				F177F81B2AA793C000C1EB32 /* Release */,
			);
			defaultConfigurationIsVisible = 0;
			defaultConfigurationName = Release;
		};
		F177F81C2AA793C000C1EB32 /* Build configuration list for PBXNativeTarget "CGAssessmentUITests" */ = {
			isa = XCConfigurationList;
			buildConfigurations = (
				F177F81D2AA793C000C1EB32 /* Debug */,
				F177F81E2AA793C000C1EB32 /* Release */,
			);
			defaultConfigurationIsVisible = 0;
			defaultConfigurationName = Release;
		};
/* End XCConfigurationList section */

/* Begin XCRemoteSwiftPackageReference section */
		F1F2E9F52AB567A00006075F /* XCRemoteSwiftPackageReference "IQKeyboardManager" */ = {
			isa = XCRemoteSwiftPackageReference;
			repositoryURL = "https://github.com/hackiftekhar/IQKeyboardManager.git";
			requirement = {
				kind = upToNextMajorVersion;
				minimumVersion = 6.0.0;
			};
		};
/* End XCRemoteSwiftPackageReference section */

/* Begin XCSwiftPackageProductDependency section */
		F1F2E9F62AB567A00006075F /* IQKeyboardManagerSwift */ = {
			isa = XCSwiftPackageProductDependency;
			package = F1F2E9F52AB567A00006075F /* XCRemoteSwiftPackageReference "IQKeyboardManager" */;
			productName = IQKeyboardManagerSwift;
		};
/* End XCSwiftPackageProductDependency section */

/* Begin XCVersionGroup section */
		F177F7F52AA793BE00C1EB32 /* CGAssessment.xcdatamodeld */ = {
			isa = XCVersionGroup;
			children = (
				F177F7F62AA793BE00C1EB32 /* CGAssessment.xcdatamodel */,
			);
			currentVersion = F177F7F62AA793BE00C1EB32 /* CGAssessment.xcdatamodel */;
			path = CGAssessment.xcdatamodeld;
			sourceTree = "<group>";
			versionGroupType = wrapper.xcdatamodel;
		};
/* End XCVersionGroup section */
	};
	rootObject = F177F7E12AA793BE00C1EB32 /* Project object */;
}
